// !$*UTF8*$!
{
	archiveVersion = 1;
	classes = {
	};
	objectVersion = 45;
	objects = {

/* Begin PBXBuildFile section */
		1DDD58160DA1D0A300B32029 /* MainMenu.xib in Resources */ = {isa = PBXBuildFile; fileRef = 1DDD58140DA1D0A300B32029 /* MainMenu.xib */; };
		3D56C305131DF1CD00BF7F17 /* AudioToolbox.framework in Frameworks */ = {isa = PBXBuildFile; fileRef = 3D56C304131DF1CD00BF7F17 /* AudioToolbox.framework */; };
		3D56C307131DF1CD00BF7F17 /* Foundation.framework in Frameworks */ = {isa = PBXBuildFile; fileRef = 3D56C306131DF1CD00BF7F17 /* Foundation.framework */; };
		3D56C309131DF1CD00BF7F17 /* OpenGL.framework in Frameworks */ = {isa = PBXBuildFile; fileRef = 3D56C308131DF1CD00BF7F17 /* OpenGL.framework */; };
		3D56C30B131DF1CD00BF7F17 /* QuartzCore.framework in Frameworks */ = {isa = PBXBuildFile; fileRef = 3D56C30A131DF1CD00BF7F17 /* QuartzCore.framework */; };
		3D56C347131DF9AC00BF7F17 /* batterytech_osxAppDelegate.m in Sources */ = {isa = PBXBuildFile; fileRef = 3D56C340131DF9AC00BF7F17 /* batterytech_osxAppDelegate.m */; };
		3D56C348131DF9AC00BF7F17 /* batterytechGLView.mm in Sources */ = {isa = PBXBuildFile; fileRef = 3D56C342131DF9AC00BF7F17 /* batterytechGLView.mm */; };
		3D56C34A131DF9AC00BF7F17 /* RemoteIOPlayer.mm in Sources */ = {isa = PBXBuildFile; fileRef = 3D56C346131DF9AC00BF7F17 /* RemoteIOPlayer.mm */; };
		3D56C733131E41FB00BF7F17 /* AudioManager.cpp in Sources */ = {isa = PBXBuildFile; fileRef = 3D56C631131E41FA00BF7F17 /* AudioManager.cpp */; };
		3D56C734131E41FB00BF7F17 /* PCMAudioManager.cpp in Sources */ = {isa = PBXBuildFile; fileRef = 3D56C633131E41FA00BF7F17 /* PCMAudioManager.cpp */; };
		3D56C735131E41FB00BF7F17 /* PCMSound.cpp in Sources */ = {isa = PBXBuildFile; fileRef = 3D56C635131E41FA00BF7F17 /* PCMSound.cpp */; };
		3D56C736131E41FB00BF7F17 /* PCMStream.cpp in Sources */ = {isa = PBXBuildFile; fileRef = 3D56C637131E41FA00BF7F17 /* PCMStream.cpp */; };
		3D56C737131E41FB00BF7F17 /* batterytech.cpp in Sources */ = {isa = PBXBuildFile; fileRef = 3D56C639131E41FA00BF7F17 /* batterytech.cpp */; };
		3D56C738131E41FB00BF7F17 /* Context.cpp in Sources */ = {isa = PBXBuildFile; fileRef = 3D56C63C131E41FA00BF7F17 /* Context.cpp */; };
		3D56C739131E41FB00BF7F17 /* stb_image.c in Sources */ = {isa = PBXBuildFile; fileRef = 3D56C63F131E41FA00BF7F17 /* stb_image.c */; };
		3D56C73A131E41FB00BF7F17 /* stb_vorbis.c in Sources */ = {isa = PBXBuildFile; fileRef = 3D56C642131E41FA00BF7F17 /* stb_vorbis.c */; };
		3D56C73B131E41FB00BF7F17 /* Logger.cpp in Sources */ = {isa = PBXBuildFile; fileRef = 3D56C644131E41FA00BF7F17 /* Logger.cpp */; };
		3D56C73C131E41FB00BF7F17 /* Triangulator.cpp in Sources */ = {isa = PBXBuildFile; fileRef = 3D56C647131E41FA00BF7F17 /* Triangulator.cpp */; };
		3D56C73D131E41FB00BF7F17 /* GameConnection.cpp in Sources */ = {isa = PBXBuildFile; fileRef = 3D56C64D131E41FA00BF7F17 /* GameConnection.cpp */; };
		3D56C73E131E41FB00BF7F17 /* NetworkManager.cpp in Sources */ = {isa = PBXBuildFile; fileRef = 3D56C64F131E41FA00BF7F17 /* NetworkManager.cpp */; };
		3D56C73F131E41FB00BF7F17 /* NetworkMessage.cpp in Sources */ = {isa = PBXBuildFile; fileRef = 3D56C651131E41FA00BF7F17 /* NetworkMessage.cpp */; };
		3D56C740131E41FB00BF7F17 /* androidgeneral.cpp in Sources */ = {isa = PBXBuildFile; fileRef = 3D56C658131E41FB00BF7F17 /* androidgeneral.cpp */; };
		3D56C741131E41FB00BF7F17 /* boot.cpp in Sources */ = {isa = PBXBuildFile; fileRef = 3D56C65B131E41FB00BF7F17 /* boot.cpp */; };
		3D56C742131E41FB00BF7F17 /* importgl.cpp in Sources */ = {isa = PBXBuildFile; fileRef = 3D56C65C131E41FB00BF7F17 /* importgl.cpp */; };
		3D56C743131E41FB00BF7F17 /* batterytechKeyboardDelegate.mm in Sources */ = {isa = PBXBuildFile; fileRef = 3D56C660131E41FB00BF7F17 /* batterytechKeyboardDelegate.mm */; };
		3D56C744131E41FB00BF7F17 /* boot.mm in Sources */ = {isa = PBXBuildFile; fileRef = 3D56C662131E41FB00BF7F17 /* boot.mm */; };
		3D56C745131E41FB00BF7F17 /* iosgeneral.mm in Sources */ = {isa = PBXBuildFile; fileRef = 3D56C664131E41FB00BF7F17 /* iosgeneral.mm */; };
		3D56C746131E41FB00BF7F17 /* opengles.cpp in Sources */ = {isa = PBXBuildFile; fileRef = 3D56C666131E41FB00BF7F17 /* opengles.cpp */; };
		3D56C747131E41FB00BF7F17 /* osxgeneral.mm in Sources */ = {isa = PBXBuildFile; fileRef = 3D56C66A131E41FB00BF7F17 /* osxgeneral.mm */; };
		3D56C748131E41FB00BF7F17 /* platformgeneral.cpp in Sources */ = {isa = PBXBuildFile; fileRef = 3D56C66C131E41FB00BF7F17 /* platformgeneral.cpp */; };
		3D56C749131E41FB00BF7F17 /* boot.cpp in Sources */ = {isa = PBXBuildFile; fileRef = 3D56C670131E41FB00BF7F17 /* boot.cpp */; };
		3D56C74A131E41FB00BF7F17 /* resources.rc in Resources */ = {isa = PBXBuildFile; fileRef = 3D56C673131E41FB00BF7F17 /* resources.rc */; };
		3D56C74B131E41FB00BF7F17 /* win32general.cpp in Sources */ = {isa = PBXBuildFile; fileRef = 3D56C675131E41FB00BF7F17 /* win32general.cpp */; };
		3D56C74C131E41FB00BF7F17 /* WinSound.cpp in Sources */ = {isa = PBXBuildFile; fileRef = 3D56C678131E41FB00BF7F17 /* WinSound.cpp */; };
		3D56C74D131E41FB00BF7F17 /* GraphicsConfiguration.cpp in Sources */ = {isa = PBXBuildFile; fileRef = 3D56C67C131E41FB00BF7F17 /* GraphicsConfiguration.cpp */; };
		3D56C74E131E41FB00BF7F17 /* MenuRenderer.cpp in Sources */ = {isa = PBXBuildFile; fileRef = 3D56C67E131E41FB00BF7F17 /* MenuRenderer.cpp */; };
		3D56C74F131E41FB00BF7F17 /* RenderContext.cpp in Sources */ = {isa = PBXBuildFile; fileRef = 3D56C680131E41FB00BF7F17 /* RenderContext.cpp */; };
		3D56C750131E41FB00BF7F17 /* Renderer.cpp in Sources */ = {isa = PBXBuildFile; fileRef = 3D56C682131E41FB00BF7F17 /* Renderer.cpp */; };
		3D56C751131E41FB00BF7F17 /* TextRasterRenderer.cpp in Sources */ = {isa = PBXBuildFile; fileRef = 3D56C684131E41FB00BF7F17 /* TextRasterRenderer.cpp */; };
		3D56C752131E41FB00BF7F17 /* Button.cpp in Sources */ = {isa = PBXBuildFile; fileRef = 3D56C687131E41FB00BF7F17 /* Button.cpp */; };
		3D56C753131E41FB00BF7F17 /* Checkbox.cpp in Sources */ = {isa = PBXBuildFile; fileRef = 3D56C689131E41FB00BF7F17 /* Checkbox.cpp */; };
		3D56C754131E41FB00BF7F17 /* Label.cpp in Sources */ = {isa = PBXBuildFile; fileRef = 3D56C68B131E41FB00BF7F17 /* Label.cpp */; };
		3D56C755131E41FB00BF7F17 /* Layout.cpp in Sources */ = {isa = PBXBuildFile; fileRef = 3D56C68D131E41FB00BF7F17 /* Layout.cpp */; };
		3D56C756131E41FB00BF7F17 /* LinearLayout.cpp in Sources */ = {isa = PBXBuildFile; fileRef = 3D56C690131E41FB00BF7F17 /* LinearLayout.cpp */; };
		3D56C757131E41FB00BF7F17 /* Menu.cpp in Sources */ = {isa = PBXBuildFile; fileRef = 3D56C692131E41FB00BF7F17 /* Menu.cpp */; };
		3D56C758131E41FB00BF7F17 /* SlideAnimator.cpp in Sources */ = {isa = PBXBuildFile; fileRef = 3D56C694131E41FB00BF7F17 /* SlideAnimator.cpp */; };
		3D56C759131E41FB00BF7F17 /* TextField.cpp in Sources */ = {isa = PBXBuildFile; fileRef = 3D56C696131E41FB00BF7F17 /* TextField.cpp */; };
		3D56C75A131E41FB00BF7F17 /* UIAnimator.cpp in Sources */ = {isa = PBXBuildFile; fileRef = 3D56C698131E41FB00BF7F17 /* UIAnimator.cpp */; };
		3D56C75B131E41FB00BF7F17 /* UIComponent.cpp in Sources */ = {isa = PBXBuildFile; fileRef = 3D56C69A131E41FB00BF7F17 /* UIComponent.cpp */; };
		3D56C75C131E41FB00BF7F17 /* UIManager.cpp in Sources */ = {isa = PBXBuildFile; fileRef = 3D56C69C131E41FB00BF7F17 /* UIManager.cpp */; };
		3D56C75D131E41FB00BF7F17 /* ByteUtil.cpp in Sources */ = {isa = PBXBuildFile; fileRef = 3D56C69F131E41FB00BF7F17 /* ByteUtil.cpp */; };
		3D56C75E131E41FB00BF7F17 /* esTransform.cpp in Sources */ = {isa = PBXBuildFile; fileRef = 3D56C6A1131E41FB00BF7F17 /* esTransform.cpp */; };
		3D56C75F131E41FB00BF7F17 /* PropertiesIO.cpp in Sources */ = {isa = PBXBuildFile; fileRef = 3D56C6A4131E41FB00BF7F17 /* PropertiesIO.cpp */; };
		3D56C760131E41FB00BF7F17 /* Property.cpp in Sources */ = {isa = PBXBuildFile; fileRef = 3D56C6A6131E41FB00BF7F17 /* Property.cpp */; };
		3D56C761131E41FB00BF7F17 /* strx.cpp in Sources */ = {isa = PBXBuildFile; fileRef = 3D56C6A8131E41FB00BF7F17 /* strx.cpp */; };
		3D56C762131E41FB00BF7F17 /* TextFileUtil.cpp in Sources */ = {isa = PBXBuildFile; fileRef = 3D56C6AA131E41FB00BF7F17 /* TextFileUtil.cpp */; };
		3D56C763131E41FB00BF7F17 /* VibrationManager.cpp in Sources */ = {isa = PBXBuildFile; fileRef = 3D56C6AC131E41FB00BF7F17 /* VibrationManager.cpp */; };
		3D56C764131E41FB00BF7F17 /* Box2DConfig.cmake in Resources */ = {isa = PBXBuildFile; fileRef = 3D56C6B0131E41FB00BF7F17 /* Box2DConfig.cmake */; };
		3D56C765131E41FB00BF7F17 /* CMakeLists.txt in Resources */ = {isa = PBXBuildFile; fileRef = 3D56C6B1131E41FB00BF7F17 /* CMakeLists.txt */; };
		3D56C766131E41FB00BF7F17 /* b2BroadPhase.cpp in Sources */ = {isa = PBXBuildFile; fileRef = 3D56C6B3131E41FB00BF7F17 /* b2BroadPhase.cpp */; };
		3D56C767131E41FB00BF7F17 /* b2CollideCircle.cpp in Sources */ = {isa = PBXBuildFile; fileRef = 3D56C6B5131E41FB00BF7F17 /* b2CollideCircle.cpp */; };
		3D56C768131E41FB00BF7F17 /* b2CollidePolygon.cpp in Sources */ = {isa = PBXBuildFile; fileRef = 3D56C6B6131E41FB00BF7F17 /* b2CollidePolygon.cpp */; };
		3D56C769131E41FB00BF7F17 /* b2Collision.cpp in Sources */ = {isa = PBXBuildFile; fileRef = 3D56C6B7131E41FB00BF7F17 /* b2Collision.cpp */; };
		3D56C76A131E41FB00BF7F17 /* b2Distance.cpp in Sources */ = {isa = PBXBuildFile; fileRef = 3D56C6B9131E41FB00BF7F17 /* b2Distance.cpp */; };
		3D56C76B131E41FB00BF7F17 /* b2DynamicTree.cpp in Sources */ = {isa = PBXBuildFile; fileRef = 3D56C6BB131E41FB00BF7F17 /* b2DynamicTree.cpp */; };
		3D56C76C131E41FB00BF7F17 /* b2TimeOfImpact.cpp in Sources */ = {isa = PBXBuildFile; fileRef = 3D56C6BD131E41FB00BF7F17 /* b2TimeOfImpact.cpp */; };
		3D56C76D131E41FB00BF7F17 /* b2CircleShape.cpp in Sources */ = {isa = PBXBuildFile; fileRef = 3D56C6C0131E41FB00BF7F17 /* b2CircleShape.cpp */; };
		3D56C76E131E41FB00BF7F17 /* b2PolygonShape.cpp in Sources */ = {isa = PBXBuildFile; fileRef = 3D56C6C2131E41FB00BF7F17 /* b2PolygonShape.cpp */; };
		3D56C76F131E41FB00BF7F17 /* b2BlockAllocator.cpp in Sources */ = {isa = PBXBuildFile; fileRef = 3D56C6C6131E41FB00BF7F17 /* b2BlockAllocator.cpp */; };
		3D56C770131E41FB00BF7F17 /* b2Math.cpp in Sources */ = {isa = PBXBuildFile; fileRef = 3D56C6C8131E41FB00BF7F17 /* b2Math.cpp */; };
		3D56C771131E41FB00BF7F17 /* b2Settings.cpp in Sources */ = {isa = PBXBuildFile; fileRef = 3D56C6CA131E41FB00BF7F17 /* b2Settings.cpp */; };
		3D56C772131E41FB00BF7F17 /* b2StackAllocator.cpp in Sources */ = {isa = PBXBuildFile; fileRef = 3D56C6CC131E41FB00BF7F17 /* b2StackAllocator.cpp */; };
		3D56C773131E41FB00BF7F17 /* b2Body.cpp in Sources */ = {isa = PBXBuildFile; fileRef = 3D56C6CF131E41FB00BF7F17 /* b2Body.cpp */; };
		3D56C774131E41FB00BF7F17 /* b2ContactManager.cpp in Sources */ = {isa = PBXBuildFile; fileRef = 3D56C6D1131E41FB00BF7F17 /* b2ContactManager.cpp */; };
		3D56C775131E41FB00BF7F17 /* b2Fixture.cpp in Sources */ = {isa = PBXBuildFile; fileRef = 3D56C6D3131E41FB00BF7F17 /* b2Fixture.cpp */; };
		3D56C776131E41FB00BF7F17 /* b2Island.cpp in Sources */ = {isa = PBXBuildFile; fileRef = 3D56C6D5131E41FB00BF7F17 /* b2Island.cpp */; };
		3D56C777131E41FB00BF7F17 /* b2World.cpp in Sources */ = {isa = PBXBuildFile; fileRef = 3D56C6D8131E41FB00BF7F17 /* b2World.cpp */; };
		3D56C778131E41FB00BF7F17 /* b2WorldCallbacks.cpp in Sources */ = {isa = PBXBuildFile; fileRef = 3D56C6DA131E41FB00BF7F17 /* b2WorldCallbacks.cpp */; };
		3D56C779131E41FB00BF7F17 /* b2CircleContact.cpp in Sources */ = {isa = PBXBuildFile; fileRef = 3D56C6DD131E41FB00BF7F17 /* b2CircleContact.cpp */; };
		3D56C77A131E41FB00BF7F17 /* b2Contact.cpp in Sources */ = {isa = PBXBuildFile; fileRef = 3D56C6DF131E41FB00BF7F17 /* b2Contact.cpp */; };
		3D56C77B131E41FB00BF7F17 /* b2ContactSolver.cpp in Sources */ = {isa = PBXBuildFile; fileRef = 3D56C6E1131E41FB00BF7F17 /* b2ContactSolver.cpp */; };
		3D56C77C131E41FB00BF7F17 /* b2PolygonAndCircleContact.cpp in Sources */ = {isa = PBXBuildFile; fileRef = 3D56C6E3131E41FB00BF7F17 /* b2PolygonAndCircleContact.cpp */; };
		3D56C77D131E41FB00BF7F17 /* b2PolygonContact.cpp in Sources */ = {isa = PBXBuildFile; fileRef = 3D56C6E5131E41FB00BF7F17 /* b2PolygonContact.cpp */; };
		3D56C77E131E41FB00BF7F17 /* b2TOISolver.cpp in Sources */ = {isa = PBXBuildFile; fileRef = 3D56C6E7131E41FB00BF7F17 /* b2TOISolver.cpp */; };
		3D56C77F131E41FB00BF7F17 /* b2DistanceJoint.cpp in Sources */ = {isa = PBXBuildFile; fileRef = 3D56C6EA131E41FB00BF7F17 /* b2DistanceJoint.cpp */; };
		3D56C780131E41FB00BF7F17 /* b2FrictionJoint.cpp in Sources */ = {isa = PBXBuildFile; fileRef = 3D56C6EC131E41FB00BF7F17 /* b2FrictionJoint.cpp */; };
		3D56C781131E41FB00BF7F17 /* b2GearJoint.cpp in Sources */ = {isa = PBXBuildFile; fileRef = 3D56C6EE131E41FB00BF7F17 /* b2GearJoint.cpp */; };
		3D56C782131E41FB00BF7F17 /* b2Joint.cpp in Sources */ = {isa = PBXBuildFile; fileRef = 3D56C6F0131E41FB00BF7F17 /* b2Joint.cpp */; };
		3D56C783131E41FB00BF7F17 /* b2LineJoint.cpp in Sources */ = {isa = PBXBuildFile; fileRef = 3D56C6F2131E41FB00BF7F17 /* b2LineJoint.cpp */; };
		3D56C784131E41FB00BF7F17 /* b2MouseJoint.cpp in Sources */ = {isa = PBXBuildFile; fileRef = 3D56C6F4131E41FB00BF7F17 /* b2MouseJoint.cpp */; };
		3D56C785131E41FB00BF7F17 /* b2PrismaticJoint.cpp in Sources */ = {isa = PBXBuildFile; fileRef = 3D56C6F6131E41FB00BF7F17 /* b2PrismaticJoint.cpp */; };
		3D56C786131E41FB00BF7F17 /* b2PulleyJoint.cpp in Sources */ = {isa = PBXBuildFile; fileRef = 3D56C6F8131E41FB00BF7F17 /* b2PulleyJoint.cpp */; };
		3D56C787131E41FB00BF7F17 /* b2RevoluteJoint.cpp in Sources */ = {isa = PBXBuildFile; fileRef = 3D56C6FA131E41FB00BF7F17 /* b2RevoluteJoint.cpp */; };
		3D56C788131E41FB00BF7F17 /* b2WeldJoint.cpp in Sources */ = {isa = PBXBuildFile; fileRef = 3D56C6FC131E41FB00BF7F17 /* b2WeldJoint.cpp */; };
		3D56C789131E41FB00BF7F17 /* Game.cpp in Sources */ = {isa = PBXBuildFile; fileRef = 3D56C6FF131E41FB00BF7F17 /* Game.cpp */; };
		3D56C78A131E41FB00BF7F17 /* GameObject.cpp in Sources */ = {isa = PBXBuildFile; fileRef = 3D56C703131E41FB00BF7F17 /* GameObject.cpp */; };
		3D56C78B131E41FB00BF7F17 /* GameObjectFactory.cpp in Sources */ = {isa = PBXBuildFile; fileRef = 3D56C705131E41FB00BF7F17 /* GameObjectFactory.cpp */; };
		3D56C78C131E41FB00BF7F17 /* GameObjectMeta.cpp in Sources */ = {isa = PBXBuildFile; fileRef = 3D56C707131E41FB00BF7F17 /* GameObjectMeta.cpp */; };
		3D56C78D131E41FB00BF7F17 /* GameObjectProperty.cpp in Sources */ = {isa = PBXBuildFile; fileRef = 3D56C709131E41FB00BF7F17 /* GameObjectProperty.cpp */; };
		3D56C78E131E41FB00BF7F17 /* GameObjectPropertyMeta.cpp in Sources */ = {isa = PBXBuildFile; fileRef = 3D56C70B131E41FB00BF7F17 /* GameObjectPropertyMeta.cpp */; };
		3D56C78F131E41FB00BF7F17 /* Ball.cpp in Sources */ = {isa = PBXBuildFile; fileRef = 3D56C70E131E41FB00BF7F17 /* Ball.cpp */; };
		3D56C790131E41FB00BF7F17 /* GameUtil.cpp in Sources */ = {isa = PBXBuildFile; fileRef = 3D56C710131E41FB00BF7F17 /* GameUtil.cpp */; };
		3D56C791131E41FB00BF7F17 /* TouchInputProcessor.cpp in Sources */ = {isa = PBXBuildFile; fileRef = 3D56C713131E41FB00BF7F17 /* TouchInputProcessor.cpp */; };
		3D56C792131E41FB00BF7F17 /* LevelIO.cpp in Sources */ = {isa = PBXBuildFile; fileRef = 3D56C716131E41FB00BF7F17 /* LevelIO.cpp */; };
		3D56C793131E41FB00BF7F17 /* GameOptionsMenu.cpp in Sources */ = {isa = PBXBuildFile; fileRef = 3D56C719131E41FB00BF7F17 /* GameOptionsMenu.cpp */; };
		3D56C794131E41FB00BF7F17 /* MenuButtonMenu.cpp in Sources */ = {isa = PBXBuildFile; fileRef = 3D56C71B131E41FB00BF7F17 /* MenuButtonMenu.cpp */; };
		3D56C795131E41FB00BF7F17 /* SettingsMenu.cpp in Sources */ = {isa = PBXBuildFile; fileRef = 3D56C71D131E41FB00BF7F17 /* SettingsMenu.cpp */; };
		3D56C796131E41FB00BF7F17 /* SoundcheckMenu.cpp in Sources */ = {isa = PBXBuildFile; fileRef = 3D56C71F131E41FB00BF7F17 /* SoundcheckMenu.cpp */; };
		3D56C797131E41FB00BF7F17 /* TopMenu.cpp in Sources */ = {isa = PBXBuildFile; fileRef = 3D56C721131E41FB00BF7F17 /* TopMenu.cpp */; };
		3D56C798131E41FB00BF7F17 /* B2DebugRenderer.cpp in Sources */ = {isa = PBXBuildFile; fileRef = 3D56C725131E41FB00BF7F17 /* B2DebugRenderer.cpp */; };
		3D56C799131E41FB00BF7F17 /* BallRenderer.cpp in Sources */ = {isa = PBXBuildFile; fileRef = 3D56C727131E41FB00BF7F17 /* BallRenderer.cpp */; };
		3D56C79A131E41FB00BF7F17 /* BatchSpriteRenderer.cpp in Sources */ = {isa = PBXBuildFile; fileRef = 3D56C729131E41FB00BF7F17 /* BatchSpriteRenderer.cpp */; };
		3D56C79B131E41FB00BF7F17 /* SimpleSpriteRenderer.cpp in Sources */ = {isa = PBXBuildFile; fileRef = 3D56C72B131E41FB00BF7F17 /* SimpleSpriteRenderer.cpp */; };
		3D56C79C131E41FB00BF7F17 /* WorldRenderer.cpp in Sources */ = {isa = PBXBuildFile; fileRef = 3D56C72D131E41FB00BF7F17 /* WorldRenderer.cpp */; };
		3D56C79D131E41FB00BF7F17 /* World.cpp in Sources */ = {isa = PBXBuildFile; fileRef = 3D56C731131E41FB00BF7F17 /* World.cpp */; };
		3D56C83E131E444C00BF7F17 /* AudioUnit.framework in Frameworks */ = {isa = PBXBuildFile; fileRef = 3D56C83D131E444C00BF7F17 /* AudioUnit.framework */; };
		3D56C87D131E4BD300BF7F17 /* assets in Resources */ = {isa = PBXBuildFile; fileRef = 3D56C866131E4BD300BF7F17 /* assets */; };
		3DF36F971333E16E00372594 /* ScrollableContainer.cpp in Sources */ = {isa = PBXBuildFile; fileRef = 3DF36F951333E16E00372594 /* ScrollableContainer.cpp */; };
		8D11072B0486CEB800E47090 /* InfoPlist.strings in Resources */ = {isa = PBXBuildFile; fileRef = 089C165CFE840E0CC02AAC07 /* InfoPlist.strings */; };
		8D11072D0486CEB800E47090 /* main.m in Sources */ = {isa = PBXBuildFile; fileRef = 29B97316FDCFA39411CA2CEA /* main.m */; settings = {ATTRIBUTES = (); }; };
		8D11072F0486CEB800E47090 /* Cocoa.framework in Frameworks */ = {isa = PBXBuildFile; fileRef = 1058C7A1FEA54F0111CA2CBB /* Cocoa.framework */; };
/* End PBXBuildFile section */

/* Begin PBXFileReference section */
		089C165DFE840E0CC02AAC07 /* English */ = {isa = PBXFileReference; fileEncoding = 4; lastKnownFileType = text.plist.strings; name = English; path = English.lproj/InfoPlist.strings; sourceTree = "<group>"; };
		1058C7A1FEA54F0111CA2CBB /* Cocoa.framework */ = {isa = PBXFileReference; lastKnownFileType = wrapper.framework; name = Cocoa.framework; path = /System/Library/Frameworks/Cocoa.framework; sourceTree = "<absolute>"; };
		13E42FB307B3F0F600E4EEF1 /* CoreData.framework */ = {isa = PBXFileReference; lastKnownFileType = wrapper.framework; name = CoreData.framework; path = /System/Library/Frameworks/CoreData.framework; sourceTree = "<absolute>"; };
		1DDD58150DA1D0A300B32029 /* English */ = {isa = PBXFileReference; lastKnownFileType = file.xib; name = English; path = English.lproj/MainMenu.xib; sourceTree = "<group>"; };
		256AC3F00F4B6AF500CF3369 /* batterytech_osx_Prefix.pch */ = {isa = PBXFileReference; fileEncoding = 4; lastKnownFileType = sourcecode.c.h; path = batterytech_osx_Prefix.pch; sourceTree = "<group>"; };
		29B97316FDCFA39411CA2CEA /* main.m */ = {isa = PBXFileReference; fileEncoding = 4; lastKnownFileType = sourcecode.c.objc; path = main.m; sourceTree = "<group>"; };
		29B97324FDCFA39411CA2CEA /* AppKit.framework */ = {isa = PBXFileReference; lastKnownFileType = wrapper.framework; name = AppKit.framework; path = /System/Library/Frameworks/AppKit.framework; sourceTree = "<absolute>"; };
		3D56C304131DF1CD00BF7F17 /* AudioToolbox.framework */ = {isa = PBXFileReference; lastKnownFileType = wrapper.framework; name = AudioToolbox.framework; path = System/Library/Frameworks/AudioToolbox.framework; sourceTree = SDKROOT; };
		3D56C306131DF1CD00BF7F17 /* Foundation.framework */ = {isa = PBXFileReference; lastKnownFileType = wrapper.framework; name = Foundation.framework; path = System/Library/Frameworks/Foundation.framework; sourceTree = SDKROOT; };
		3D56C308131DF1CD00BF7F17 /* OpenGL.framework */ = {isa = PBXFileReference; lastKnownFileType = wrapper.framework; name = OpenGL.framework; path = System/Library/Frameworks/OpenGL.framework; sourceTree = SDKROOT; };
		3D56C30A131DF1CD00BF7F17 /* QuartzCore.framework */ = {isa = PBXFileReference; lastKnownFileType = wrapper.framework; name = QuartzCore.framework; path = System/Library/Frameworks/QuartzCore.framework; sourceTree = SDKROOT; };
		3D56C33F131DF9AC00BF7F17 /* batterytech_osxAppDelegate.h */ = {isa = PBXFileReference; fileEncoding = 4; lastKnownFileType = sourcecode.c.h; path = batterytech_osxAppDelegate.h; sourceTree = "<group>"; };
		3D56C340131DF9AC00BF7F17 /* batterytech_osxAppDelegate.m */ = {isa = PBXFileReference; fileEncoding = 4; lastKnownFileType = sourcecode.c.objc; path = batterytech_osxAppDelegate.m; sourceTree = "<group>"; };
		3D56C341131DF9AC00BF7F17 /* batterytechGLView.h */ = {isa = PBXFileReference; fileEncoding = 4; lastKnownFileType = sourcecode.c.h; path = batterytechGLView.h; sourceTree = "<group>"; };
		3D56C342131DF9AC00BF7F17 /* batterytechGLView.mm */ = {isa = PBXFileReference; fileEncoding = 4; lastKnownFileType = sourcecode.cpp.objcpp; path = batterytechGLView.mm; sourceTree = "<group>"; };
		3D56C345131DF9AC00BF7F17 /* RemoteIOPlayer.h */ = {isa = PBXFileReference; fileEncoding = 4; lastKnownFileType = sourcecode.c.h; path = RemoteIOPlayer.h; sourceTree = "<group>"; };
		3D56C346131DF9AC00BF7F17 /* RemoteIOPlayer.mm */ = {isa = PBXFileReference; fileEncoding = 4; lastKnownFileType = sourcecode.cpp.objcpp; path = RemoteIOPlayer.mm; sourceTree = "<group>"; };
		3D56C631131E41FA00BF7F17 /* AudioManager.cpp */ = {isa = PBXFileReference; fileEncoding = 4; lastKnownFileType = sourcecode.cpp.cpp; path = AudioManager.cpp; sourceTree = "<group>"; };
		3D56C632131E41FA00BF7F17 /* AudioManager.h */ = {isa = PBXFileReference; fileEncoding = 4; lastKnownFileType = sourcecode.c.h; path = AudioManager.h; sourceTree = "<group>"; };
		3D56C633131E41FA00BF7F17 /* PCMAudioManager.cpp */ = {isa = PBXFileReference; fileEncoding = 4; lastKnownFileType = sourcecode.cpp.cpp; path = PCMAudioManager.cpp; sourceTree = "<group>"; };
		3D56C634131E41FA00BF7F17 /* PCMAudioManager.h */ = {isa = PBXFileReference; fileEncoding = 4; lastKnownFileType = sourcecode.c.h; path = PCMAudioManager.h; sourceTree = "<group>"; };
		3D56C635131E41FA00BF7F17 /* PCMSound.cpp */ = {isa = PBXFileReference; fileEncoding = 4; lastKnownFileType = sourcecode.cpp.cpp; path = PCMSound.cpp; sourceTree = "<group>"; };
		3D56C636131E41FA00BF7F17 /* PCMSound.h */ = {isa = PBXFileReference; fileEncoding = 4; lastKnownFileType = sourcecode.c.h; path = PCMSound.h; sourceTree = "<group>"; };
		3D56C637131E41FA00BF7F17 /* PCMStream.cpp */ = {isa = PBXFileReference; fileEncoding = 4; lastKnownFileType = sourcecode.cpp.cpp; path = PCMStream.cpp; sourceTree = "<group>"; };
		3D56C638131E41FA00BF7F17 /* PCMStream.h */ = {isa = PBXFileReference; fileEncoding = 4; lastKnownFileType = sourcecode.c.h; path = PCMStream.h; sourceTree = "<group>"; };
		3D56C639131E41FA00BF7F17 /* batterytech.cpp */ = {isa = PBXFileReference; fileEncoding = 4; lastKnownFileType = sourcecode.cpp.cpp; path = batterytech.cpp; sourceTree = "<group>"; };
		3D56C63A131E41FA00BF7F17 /* batterytech.h */ = {isa = PBXFileReference; fileEncoding = 4; lastKnownFileType = sourcecode.c.h; path = batterytech.h; sourceTree = "<group>"; };
		3D56C63B131E41FA00BF7F17 /* batterytech_globals.h */ = {isa = PBXFileReference; fileEncoding = 4; lastKnownFileType = sourcecode.c.h; path = batterytech_globals.h; sourceTree = "<group>"; };
		3D56C63C131E41FA00BF7F17 /* Context.cpp */ = {isa = PBXFileReference; fileEncoding = 4; lastKnownFileType = sourcecode.cpp.cpp; path = Context.cpp; sourceTree = "<group>"; };
		3D56C63D131E41FA00BF7F17 /* Context.h */ = {isa = PBXFileReference; fileEncoding = 4; lastKnownFileType = sourcecode.c.h; path = Context.h; sourceTree = "<group>"; };
		3D56C63F131E41FA00BF7F17 /* stb_image.c */ = {isa = PBXFileReference; fileEncoding = 4; lastKnownFileType = sourcecode.c.c; path = stb_image.c; sourceTree = "<group>"; };
		3D56C640131E41FA00BF7F17 /* stb_image.h */ = {isa = PBXFileReference; fileEncoding = 4; lastKnownFileType = sourcecode.c.h; path = stb_image.h; sourceTree = "<group>"; };
		3D56C641131E41FA00BF7F17 /* stb_truetype.h */ = {isa = PBXFileReference; fileEncoding = 4; lastKnownFileType = sourcecode.c.h; path = stb_truetype.h; sourceTree = "<group>"; };
		3D56C642131E41FA00BF7F17 /* stb_vorbis.c */ = {isa = PBXFileReference; fileEncoding = 4; lastKnownFileType = sourcecode.c.c; path = stb_vorbis.c; sourceTree = "<group>"; };
		3D56C643131E41FA00BF7F17 /* stb_vorbis.h */ = {isa = PBXFileReference; fileEncoding = 4; lastKnownFileType = sourcecode.c.h; path = stb_vorbis.h; sourceTree = "<group>"; };
		3D56C644131E41FA00BF7F17 /* Logger.cpp */ = {isa = PBXFileReference; fileEncoding = 4; lastKnownFileType = sourcecode.cpp.cpp; path = Logger.cpp; sourceTree = "<group>"; };
		3D56C645131E41FA00BF7F17 /* Logger.h */ = {isa = PBXFileReference; fileEncoding = 4; lastKnownFileType = sourcecode.c.h; path = Logger.h; sourceTree = "<group>"; };
		3D56C647131E41FA00BF7F17 /* Triangulator.cpp */ = {isa = PBXFileReference; fileEncoding = 4; lastKnownFileType = sourcecode.cpp.cpp; path = Triangulator.cpp; sourceTree = "<group>"; };
		3D56C648131E41FA00BF7F17 /* Triangulator.h */ = {isa = PBXFileReference; fileEncoding = 4; lastKnownFileType = sourcecode.c.h; path = Triangulator.h; sourceTree = "<group>"; };
		3D56C649131E41FA00BF7F17 /* Vec2f.h */ = {isa = PBXFileReference; fileEncoding = 4; lastKnownFileType = sourcecode.c.h; path = Vec2f.h; sourceTree = "<group>"; };
		3D56C64A131E41FA00BF7F17 /* Vec4f.h */ = {isa = PBXFileReference; fileEncoding = 4; lastKnownFileType = sourcecode.c.h; path = Vec4f.h; sourceTree = "<group>"; };
		3D56C64D131E41FA00BF7F17 /* GameConnection.cpp */ = {isa = PBXFileReference; fileEncoding = 4; lastKnownFileType = sourcecode.cpp.cpp; path = GameConnection.cpp; sourceTree = "<group>"; };
		3D56C64E131E41FA00BF7F17 /* GameConnection.h */ = {isa = PBXFileReference; fileEncoding = 4; lastKnownFileType = sourcecode.c.h; path = GameConnection.h; sourceTree = "<group>"; };
		3D56C64F131E41FA00BF7F17 /* NetworkManager.cpp */ = {isa = PBXFileReference; fileEncoding = 4; lastKnownFileType = sourcecode.cpp.cpp; path = NetworkManager.cpp; sourceTree = "<group>"; };
		3D56C650131E41FA00BF7F17 /* NetworkManager.h */ = {isa = PBXFileReference; fileEncoding = 4; lastKnownFileType = sourcecode.c.h; path = NetworkManager.h; sourceTree = "<group>"; };
		3D56C651131E41FA00BF7F17 /* NetworkMessage.cpp */ = {isa = PBXFileReference; fileEncoding = 4; lastKnownFileType = sourcecode.cpp.cpp; path = NetworkMessage.cpp; sourceTree = "<group>"; };
		3D56C652131E41FA00BF7F17 /* NetworkMessage.h */ = {isa = PBXFileReference; fileEncoding = 4; lastKnownFileType = sourcecode.c.h; path = NetworkMessage.h; sourceTree = "<group>"; };
		3D56C653131E41FA00BF7F17 /* NetworkMessageFactory.h */ = {isa = PBXFileReference; fileEncoding = 4; lastKnownFileType = sourcecode.c.h; path = NetworkMessageFactory.h; sourceTree = "<group>"; };
		3D56C654131E41FA00BF7F17 /* NetworkMessageListener.h */ = {isa = PBXFileReference; fileEncoding = 4; lastKnownFileType = sourcecode.c.h; path = NetworkMessageListener.h; sourceTree = "<group>"; };
		3D56C655131E41FB00BF7F17 /* NetworkStatusListener.h */ = {isa = PBXFileReference; fileEncoding = 4; lastKnownFileType = sourcecode.c.h; path = NetworkStatusListener.h; sourceTree = "<group>"; };
		3D56C658131E41FB00BF7F17 /* androidgeneral.cpp */ = {isa = PBXFileReference; fileEncoding = 4; lastKnownFileType = sourcecode.cpp.cpp; path = androidgeneral.cpp; sourceTree = "<group>"; };
		3D56C659131E41FB00BF7F17 /* androidgeneral.h */ = {isa = PBXFileReference; fileEncoding = 4; lastKnownFileType = sourcecode.c.h; path = androidgeneral.h; sourceTree = "<group>"; };
		3D56C65A131E41FB00BF7F17 /* androidtypes.h */ = {isa = PBXFileReference; fileEncoding = 4; lastKnownFileType = sourcecode.c.h; path = androidtypes.h; sourceTree = "<group>"; };
		3D56C65B131E41FB00BF7F17 /* boot.cpp */ = {isa = PBXFileReference; fileEncoding = 4; lastKnownFileType = sourcecode.cpp.cpp; path = boot.cpp; sourceTree = "<group>"; };
		3D56C65C131E41FB00BF7F17 /* importgl.cpp */ = {isa = PBXFileReference; fileEncoding = 4; lastKnownFileType = sourcecode.cpp.cpp; path = importgl.cpp; sourceTree = "<group>"; };
		3D56C65D131E41FB00BF7F17 /* importgl.h */ = {isa = PBXFileReference; fileEncoding = 4; lastKnownFileType = sourcecode.c.h; path = importgl.h; sourceTree = "<group>"; };
		3D56C65F131E41FB00BF7F17 /* batterytechKeyboardDelegate.h */ = {isa = PBXFileReference; fileEncoding = 4; lastKnownFileType = sourcecode.c.h; path = batterytechKeyboardDelegate.h; sourceTree = "<group>"; };
		3D56C660131E41FB00BF7F17 /* batterytechKeyboardDelegate.mm */ = {isa = PBXFileReference; fileEncoding = 4; lastKnownFileType = sourcecode.cpp.objcpp; path = batterytechKeyboardDelegate.mm; sourceTree = "<group>"; };
		3D56C661131E41FB00BF7F17 /* boot.h */ = {isa = PBXFileReference; fileEncoding = 4; lastKnownFileType = sourcecode.c.h; path = boot.h; sourceTree = "<group>"; };
		3D56C662131E41FB00BF7F17 /* boot.mm */ = {isa = PBXFileReference; fileEncoding = 4; lastKnownFileType = sourcecode.cpp.objcpp; path = boot.mm; sourceTree = "<group>"; };
		3D56C663131E41FB00BF7F17 /* iosgeneral.h */ = {isa = PBXFileReference; fileEncoding = 4; lastKnownFileType = sourcecode.c.h; path = iosgeneral.h; sourceTree = "<group>"; };
		3D56C664131E41FB00BF7F17 /* iosgeneral.mm */ = {isa = PBXFileReference; fileEncoding = 4; lastKnownFileType = sourcecode.cpp.objcpp; path = iosgeneral.mm; sourceTree = "<group>"; };
		3D56C665131E41FB00BF7F17 /* iostypes.h */ = {isa = PBXFileReference; fileEncoding = 4; lastKnownFileType = sourcecode.c.h; path = iostypes.h; sourceTree = "<group>"; };
		3D56C666131E41FB00BF7F17 /* opengles.cpp */ = {isa = PBXFileReference; fileEncoding = 4; lastKnownFileType = sourcecode.cpp.cpp; path = opengles.cpp; sourceTree = "<group>"; };
		3D56C667131E41FB00BF7F17 /* opengles.h */ = {isa = PBXFileReference; fileEncoding = 4; lastKnownFileType = sourcecode.c.h; path = opengles.h; sourceTree = "<group>"; };
		3D56C669131E41FB00BF7F17 /* osxgeneral.h */ = {isa = PBXFileReference; fileEncoding = 4; lastKnownFileType = sourcecode.c.h; path = osxgeneral.h; sourceTree = "<group>"; };
		3D56C66A131E41FB00BF7F17 /* osxgeneral.mm */ = {isa = PBXFileReference; fileEncoding = 4; lastKnownFileType = sourcecode.cpp.objcpp; path = osxgeneral.mm; sourceTree = "<group>"; };
		3D56C66B131E41FB00BF7F17 /* osxtypes.h */ = {isa = PBXFileReference; fileEncoding = 4; lastKnownFileType = sourcecode.c.h; path = osxtypes.h; sourceTree = "<group>"; };
		3D56C66C131E41FB00BF7F17 /* platformgeneral.cpp */ = {isa = PBXFileReference; fileEncoding = 4; lastKnownFileType = sourcecode.cpp.cpp; path = platformgeneral.cpp; sourceTree = "<group>"; };
		3D56C66D131E41FB00BF7F17 /* platformgeneral.h */ = {isa = PBXFileReference; fileEncoding = 4; lastKnownFileType = sourcecode.c.h; path = platformgeneral.h; sourceTree = "<group>"; };
		3D56C66E131E41FB00BF7F17 /* platformgl.h */ = {isa = PBXFileReference; fileEncoding = 4; lastKnownFileType = sourcecode.c.h; path = platformgl.h; sourceTree = "<group>"; };
		3D56C670131E41FB00BF7F17 /* boot.cpp */ = {isa = PBXFileReference; fileEncoding = 4; lastKnownFileType = sourcecode.cpp.cpp; path = boot.cpp; sourceTree = "<group>"; };
		3D56C671131E41FB00BF7F17 /* glext.h */ = {isa = PBXFileReference; fileEncoding = 4; lastKnownFileType = sourcecode.c.h; path = glext.h; sourceTree = "<group>"; };
		3D56C672131E41FB00BF7F17 /* resources.h */ = {isa = PBXFileReference; fileEncoding = 4; lastKnownFileType = sourcecode.c.h; path = resources.h; sourceTree = "<group>"; };
		3D56C673131E41FB00BF7F17 /* resources.rc */ = {isa = PBXFileReference; fileEncoding = 4; lastKnownFileType = text; path = resources.rc; sourceTree = "<group>"; };
		3D56C674131E41FB00BF7F17 /* wglext.h */ = {isa = PBXFileReference; fileEncoding = 4; lastKnownFileType = sourcecode.c.h; path = wglext.h; sourceTree = "<group>"; };
		3D56C675131E41FB00BF7F17 /* win32general.cpp */ = {isa = PBXFileReference; fileEncoding = 4; lastKnownFileType = sourcecode.cpp.cpp; path = win32general.cpp; sourceTree = "<group>"; };
		3D56C676131E41FB00BF7F17 /* win32general.h */ = {isa = PBXFileReference; fileEncoding = 4; lastKnownFileType = sourcecode.c.h; path = win32general.h; sourceTree = "<group>"; };
		3D56C677131E41FB00BF7F17 /* win32types.h */ = {isa = PBXFileReference; fileEncoding = 4; lastKnownFileType = sourcecode.c.h; path = win32types.h; sourceTree = "<group>"; };
		3D56C678131E41FB00BF7F17 /* WinSound.cpp */ = {isa = PBXFileReference; fileEncoding = 4; lastKnownFileType = sourcecode.cpp.cpp; path = WinSound.cpp; sourceTree = "<group>"; };
		3D56C679131E41FB00BF7F17 /* WinSound.h */ = {isa = PBXFileReference; fileEncoding = 4; lastKnownFileType = sourcecode.c.h; path = WinSound.h; sourceTree = "<group>"; };
		3D56C67A131E41FB00BF7F17 /* primitives.h */ = {isa = PBXFileReference; fileEncoding = 4; lastKnownFileType = sourcecode.c.h; path = primitives.h; sourceTree = "<group>"; };
		3D56C67C131E41FB00BF7F17 /* GraphicsConfiguration.cpp */ = {isa = PBXFileReference; fileEncoding = 4; lastKnownFileType = sourcecode.cpp.cpp; path = GraphicsConfiguration.cpp; sourceTree = "<group>"; };
		3D56C67D131E41FB00BF7F17 /* GraphicsConfiguration.h */ = {isa = PBXFileReference; fileEncoding = 4; lastKnownFileType = sourcecode.c.h; path = GraphicsConfiguration.h; sourceTree = "<group>"; };
		3D56C67E131E41FB00BF7F17 /* MenuRenderer.cpp */ = {isa = PBXFileReference; fileEncoding = 4; lastKnownFileType = sourcecode.cpp.cpp; path = MenuRenderer.cpp; sourceTree = "<group>"; };
		3D56C67F131E41FB00BF7F17 /* MenuRenderer.h */ = {isa = PBXFileReference; fileEncoding = 4; lastKnownFileType = sourcecode.c.h; path = MenuRenderer.h; sourceTree = "<group>"; };
		3D56C680131E41FB00BF7F17 /* RenderContext.cpp */ = {isa = PBXFileReference; fileEncoding = 4; lastKnownFileType = sourcecode.cpp.cpp; path = RenderContext.cpp; sourceTree = "<group>"; };
		3D56C681131E41FB00BF7F17 /* RenderContext.h */ = {isa = PBXFileReference; fileEncoding = 4; lastKnownFileType = sourcecode.c.h; path = RenderContext.h; sourceTree = "<group>"; };
		3D56C682131E41FB00BF7F17 /* Renderer.cpp */ = {isa = PBXFileReference; fileEncoding = 4; lastKnownFileType = sourcecode.cpp.cpp; path = Renderer.cpp; sourceTree = "<group>"; };
		3D56C683131E41FB00BF7F17 /* Renderer.h */ = {isa = PBXFileReference; fileEncoding = 4; lastKnownFileType = sourcecode.c.h; path = Renderer.h; sourceTree = "<group>"; };
		3D56C684131E41FB00BF7F17 /* TextRasterRenderer.cpp */ = {isa = PBXFileReference; fileEncoding = 4; lastKnownFileType = sourcecode.cpp.cpp; path = TextRasterRenderer.cpp; sourceTree = "<group>"; };
		3D56C685131E41FB00BF7F17 /* TextRasterRenderer.h */ = {isa = PBXFileReference; fileEncoding = 4; lastKnownFileType = sourcecode.c.h; path = TextRasterRenderer.h; sourceTree = "<group>"; };
		3D56C687131E41FB00BF7F17 /* Button.cpp */ = {isa = PBXFileReference; fileEncoding = 4; lastKnownFileType = sourcecode.cpp.cpp; path = Button.cpp; sourceTree = "<group>"; };
		3D56C688131E41FB00BF7F17 /* Button.h */ = {isa = PBXFileReference; fileEncoding = 4; lastKnownFileType = sourcecode.c.h; path = Button.h; sourceTree = "<group>"; };
		3D56C689131E41FB00BF7F17 /* Checkbox.cpp */ = {isa = PBXFileReference; fileEncoding = 4; lastKnownFileType = sourcecode.cpp.cpp; path = Checkbox.cpp; sourceTree = "<group>"; };
		3D56C68A131E41FB00BF7F17 /* Checkbox.h */ = {isa = PBXFileReference; fileEncoding = 4; lastKnownFileType = sourcecode.c.h; path = Checkbox.h; sourceTree = "<group>"; };
		3D56C68B131E41FB00BF7F17 /* Label.cpp */ = {isa = PBXFileReference; fileEncoding = 4; lastKnownFileType = sourcecode.cpp.cpp; path = Label.cpp; sourceTree = "<group>"; };
		3D56C68C131E41FB00BF7F17 /* Label.h */ = {isa = PBXFileReference; fileEncoding = 4; lastKnownFileType = sourcecode.c.h; path = Label.h; sourceTree = "<group>"; };
		3D56C68D131E41FB00BF7F17 /* Layout.cpp */ = {isa = PBXFileReference; fileEncoding = 4; lastKnownFileType = sourcecode.cpp.cpp; path = Layout.cpp; sourceTree = "<group>"; };
		3D56C68E131E41FB00BF7F17 /* Layout.h */ = {isa = PBXFileReference; fileEncoding = 4; lastKnownFileType = sourcecode.c.h; path = Layout.h; sourceTree = "<group>"; };
		3D56C68F131E41FB00BF7F17 /* LayoutParameters.h */ = {isa = PBXFileReference; fileEncoding = 4; lastKnownFileType = sourcecode.c.h; path = LayoutParameters.h; sourceTree = "<group>"; };
		3D56C690131E41FB00BF7F17 /* LinearLayout.cpp */ = {isa = PBXFileReference; fileEncoding = 4; lastKnownFileType = sourcecode.cpp.cpp; path = LinearLayout.cpp; sourceTree = "<group>"; };
		3D56C691131E41FB00BF7F17 /* LinearLayout.h */ = {isa = PBXFileReference; fileEncoding = 4; lastKnownFileType = sourcecode.c.h; path = LinearLayout.h; sourceTree = "<group>"; };
		3D56C692131E41FB00BF7F17 /* Menu.cpp */ = {isa = PBXFileReference; fileEncoding = 4; lastKnownFileType = sourcecode.cpp.cpp; path = Menu.cpp; sourceTree = "<group>"; };
		3D56C693131E41FB00BF7F17 /* Menu.h */ = {isa = PBXFileReference; fileEncoding = 4; lastKnownFileType = sourcecode.c.h; path = Menu.h; sourceTree = "<group>"; };
		3D56C694131E41FB00BF7F17 /* SlideAnimator.cpp */ = {isa = PBXFileReference; fileEncoding = 4; lastKnownFileType = sourcecode.cpp.cpp; path = SlideAnimator.cpp; sourceTree = "<group>"; };
		3D56C695131E41FB00BF7F17 /* SlideAnimator.h */ = {isa = PBXFileReference; fileEncoding = 4; lastKnownFileType = sourcecode.c.h; path = SlideAnimator.h; sourceTree = "<group>"; };
		3D56C696131E41FB00BF7F17 /* TextField.cpp */ = {isa = PBXFileReference; fileEncoding = 4; lastKnownFileType = sourcecode.cpp.cpp; path = TextField.cpp; sourceTree = "<group>"; };
		3D56C697131E41FB00BF7F17 /* TextField.h */ = {isa = PBXFileReference; fileEncoding = 4; lastKnownFileType = sourcecode.c.h; path = TextField.h; sourceTree = "<group>"; };
		3D56C698131E41FB00BF7F17 /* UIAnimator.cpp */ = {isa = PBXFileReference; fileEncoding = 4; lastKnownFileType = sourcecode.cpp.cpp; path = UIAnimator.cpp; sourceTree = "<group>"; };
		3D56C699131E41FB00BF7F17 /* UIAnimator.h */ = {isa = PBXFileReference; fileEncoding = 4; lastKnownFileType = sourcecode.c.h; path = UIAnimator.h; sourceTree = "<group>"; };
		3D56C69A131E41FB00BF7F17 /* UIComponent.cpp */ = {isa = PBXFileReference; fileEncoding = 4; lastKnownFileType = sourcecode.cpp.cpp; path = UIComponent.cpp; sourceTree = "<group>"; };
		3D56C69B131E41FB00BF7F17 /* UIComponent.h */ = {isa = PBXFileReference; fileEncoding = 4; lastKnownFileType = sourcecode.c.h; path = UIComponent.h; sourceTree = "<group>"; };
		3D56C69C131E41FB00BF7F17 /* UIManager.cpp */ = {isa = PBXFileReference; fileEncoding = 4; lastKnownFileType = sourcecode.cpp.cpp; path = UIManager.cpp; sourceTree = "<group>"; };
		3D56C69D131E41FB00BF7F17 /* UIManager.h */ = {isa = PBXFileReference; fileEncoding = 4; lastKnownFileType = sourcecode.c.h; path = UIManager.h; sourceTree = "<group>"; };
		3D56C69F131E41FB00BF7F17 /* ByteUtil.cpp */ = {isa = PBXFileReference; fileEncoding = 4; lastKnownFileType = sourcecode.cpp.cpp; path = ByteUtil.cpp; sourceTree = "<group>"; };
		3D56C6A0131E41FB00BF7F17 /* ByteUtil.h */ = {isa = PBXFileReference; fileEncoding = 4; lastKnownFileType = sourcecode.c.h; path = ByteUtil.h; sourceTree = "<group>"; };
		3D56C6A1131E41FB00BF7F17 /* esTransform.cpp */ = {isa = PBXFileReference; fileEncoding = 4; lastKnownFileType = sourcecode.cpp.cpp; path = esTransform.cpp; sourceTree = "<group>"; };
		3D56C6A2131E41FB00BF7F17 /* esTransform.h */ = {isa = PBXFileReference; fileEncoding = 4; lastKnownFileType = sourcecode.c.h; path = esTransform.h; sourceTree = "<group>"; };
		3D56C6A3131E41FB00BF7F17 /* ManagedArray.h */ = {isa = PBXFileReference; fileEncoding = 4; lastKnownFileType = sourcecode.c.h; path = ManagedArray.h; sourceTree = "<group>"; };
		3D56C6A4131E41FB00BF7F17 /* PropertiesIO.cpp */ = {isa = PBXFileReference; fileEncoding = 4; lastKnownFileType = sourcecode.cpp.cpp; path = PropertiesIO.cpp; sourceTree = "<group>"; };
		3D56C6A5131E41FB00BF7F17 /* PropertiesIO.h */ = {isa = PBXFileReference; fileEncoding = 4; lastKnownFileType = sourcecode.c.h; path = PropertiesIO.h; sourceTree = "<group>"; };
		3D56C6A6131E41FB00BF7F17 /* Property.cpp */ = {isa = PBXFileReference; fileEncoding = 4; lastKnownFileType = sourcecode.cpp.cpp; path = Property.cpp; sourceTree = "<group>"; };
		3D56C6A7131E41FB00BF7F17 /* Property.h */ = {isa = PBXFileReference; fileEncoding = 4; lastKnownFileType = sourcecode.c.h; path = Property.h; sourceTree = "<group>"; };
		3D56C6A8131E41FB00BF7F17 /* strx.cpp */ = {isa = PBXFileReference; fileEncoding = 4; lastKnownFileType = sourcecode.cpp.cpp; path = strx.cpp; sourceTree = "<group>"; };
		3D56C6A9131E41FB00BF7F17 /* strx.h */ = {isa = PBXFileReference; fileEncoding = 4; lastKnownFileType = sourcecode.c.h; path = strx.h; sourceTree = "<group>"; };
		3D56C6AA131E41FB00BF7F17 /* TextFileUtil.cpp */ = {isa = PBXFileReference; fileEncoding = 4; lastKnownFileType = sourcecode.cpp.cpp; path = TextFileUtil.cpp; sourceTree = "<group>"; };
		3D56C6AB131E41FB00BF7F17 /* TextFileUtil.h */ = {isa = PBXFileReference; fileEncoding = 4; lastKnownFileType = sourcecode.c.h; path = TextFileUtil.h; sourceTree = "<group>"; };
		3D56C6AC131E41FB00BF7F17 /* VibrationManager.cpp */ = {isa = PBXFileReference; fileEncoding = 4; lastKnownFileType = sourcecode.cpp.cpp; path = VibrationManager.cpp; sourceTree = "<group>"; };
		3D56C6AD131E41FB00BF7F17 /* VibrationManager.h */ = {isa = PBXFileReference; fileEncoding = 4; lastKnownFileType = sourcecode.c.h; path = VibrationManager.h; sourceTree = "<group>"; };
		3D56C6AF131E41FB00BF7F17 /* Box2D.h */ = {isa = PBXFileReference; fileEncoding = 4; lastKnownFileType = sourcecode.c.h; path = Box2D.h; sourceTree = "<group>"; };
		3D56C6B0131E41FB00BF7F17 /* Box2DConfig.cmake */ = {isa = PBXFileReference; fileEncoding = 4; lastKnownFileType = text; path = Box2DConfig.cmake; sourceTree = "<group>"; };
		3D56C6B1131E41FB00BF7F17 /* CMakeLists.txt */ = {isa = PBXFileReference; fileEncoding = 4; lastKnownFileType = text; path = CMakeLists.txt; sourceTree = "<group>"; };
		3D56C6B3131E41FB00BF7F17 /* b2BroadPhase.cpp */ = {isa = PBXFileReference; fileEncoding = 4; lastKnownFileType = sourcecode.cpp.cpp; path = b2BroadPhase.cpp; sourceTree = "<group>"; };
		3D56C6B4131E41FB00BF7F17 /* b2BroadPhase.h */ = {isa = PBXFileReference; fileEncoding = 4; lastKnownFileType = sourcecode.c.h; path = b2BroadPhase.h; sourceTree = "<group>"; };
		3D56C6B5131E41FB00BF7F17 /* b2CollideCircle.cpp */ = {isa = PBXFileReference; fileEncoding = 4; lastKnownFileType = sourcecode.cpp.cpp; path = b2CollideCircle.cpp; sourceTree = "<group>"; };
		3D56C6B6131E41FB00BF7F17 /* b2CollidePolygon.cpp */ = {isa = PBXFileReference; fileEncoding = 4; lastKnownFileType = sourcecode.cpp.cpp; path = b2CollidePolygon.cpp; sourceTree = "<group>"; };
		3D56C6B7131E41FB00BF7F17 /* b2Collision.cpp */ = {isa = PBXFileReference; fileEncoding = 4; lastKnownFileType = sourcecode.cpp.cpp; path = b2Collision.cpp; sourceTree = "<group>"; };
		3D56C6B8131E41FB00BF7F17 /* b2Collision.h */ = {isa = PBXFileReference; fileEncoding = 4; lastKnownFileType = sourcecode.c.h; path = b2Collision.h; sourceTree = "<group>"; };
		3D56C6B9131E41FB00BF7F17 /* b2Distance.cpp */ = {isa = PBXFileReference; fileEncoding = 4; lastKnownFileType = sourcecode.cpp.cpp; path = b2Distance.cpp; sourceTree = "<group>"; };
		3D56C6BA131E41FB00BF7F17 /* b2Distance.h */ = {isa = PBXFileReference; fileEncoding = 4; lastKnownFileType = sourcecode.c.h; path = b2Distance.h; sourceTree = "<group>"; };
		3D56C6BB131E41FB00BF7F17 /* b2DynamicTree.cpp */ = {isa = PBXFileReference; fileEncoding = 4; lastKnownFileType = sourcecode.cpp.cpp; path = b2DynamicTree.cpp; sourceTree = "<group>"; };
		3D56C6BC131E41FB00BF7F17 /* b2DynamicTree.h */ = {isa = PBXFileReference; fileEncoding = 4; lastKnownFileType = sourcecode.c.h; path = b2DynamicTree.h; sourceTree = "<group>"; };
		3D56C6BD131E41FB00BF7F17 /* b2TimeOfImpact.cpp */ = {isa = PBXFileReference; fileEncoding = 4; lastKnownFileType = sourcecode.cpp.cpp; path = b2TimeOfImpact.cpp; sourceTree = "<group>"; };
		3D56C6BE131E41FB00BF7F17 /* b2TimeOfImpact.h */ = {isa = PBXFileReference; fileEncoding = 4; lastKnownFileType = sourcecode.c.h; path = b2TimeOfImpact.h; sourceTree = "<group>"; };
		3D56C6C0131E41FB00BF7F17 /* b2CircleShape.cpp */ = {isa = PBXFileReference; fileEncoding = 4; lastKnownFileType = sourcecode.cpp.cpp; path = b2CircleShape.cpp; sourceTree = "<group>"; };
		3D56C6C1131E41FB00BF7F17 /* b2CircleShape.h */ = {isa = PBXFileReference; fileEncoding = 4; lastKnownFileType = sourcecode.c.h; path = b2CircleShape.h; sourceTree = "<group>"; };
		3D56C6C2131E41FB00BF7F17 /* b2PolygonShape.cpp */ = {isa = PBXFileReference; fileEncoding = 4; lastKnownFileType = sourcecode.cpp.cpp; path = b2PolygonShape.cpp; sourceTree = "<group>"; };
		3D56C6C3131E41FB00BF7F17 /* b2PolygonShape.h */ = {isa = PBXFileReference; fileEncoding = 4; lastKnownFileType = sourcecode.c.h; path = b2PolygonShape.h; sourceTree = "<group>"; };
		3D56C6C4131E41FB00BF7F17 /* b2Shape.h */ = {isa = PBXFileReference; fileEncoding = 4; lastKnownFileType = sourcecode.c.h; path = b2Shape.h; sourceTree = "<group>"; };
		3D56C6C6131E41FB00BF7F17 /* b2BlockAllocator.cpp */ = {isa = PBXFileReference; fileEncoding = 4; lastKnownFileType = sourcecode.cpp.cpp; path = b2BlockAllocator.cpp; sourceTree = "<group>"; };
		3D56C6C7131E41FB00BF7F17 /* b2BlockAllocator.h */ = {isa = PBXFileReference; fileEncoding = 4; lastKnownFileType = sourcecode.c.h; path = b2BlockAllocator.h; sourceTree = "<group>"; };
		3D56C6C8131E41FB00BF7F17 /* b2Math.cpp */ = {isa = PBXFileReference; fileEncoding = 4; lastKnownFileType = sourcecode.cpp.cpp; path = b2Math.cpp; sourceTree = "<group>"; };
		3D56C6C9131E41FB00BF7F17 /* b2Math.h */ = {isa = PBXFileReference; fileEncoding = 4; lastKnownFileType = sourcecode.c.h; path = b2Math.h; sourceTree = "<group>"; };
		3D56C6CA131E41FB00BF7F17 /* b2Settings.cpp */ = {isa = PBXFileReference; fileEncoding = 4; lastKnownFileType = sourcecode.cpp.cpp; path = b2Settings.cpp; sourceTree = "<group>"; };
		3D56C6CB131E41FB00BF7F17 /* b2Settings.h */ = {isa = PBXFileReference; fileEncoding = 4; lastKnownFileType = sourcecode.c.h; path = b2Settings.h; sourceTree = "<group>"; };
		3D56C6CC131E41FB00BF7F17 /* b2StackAllocator.cpp */ = {isa = PBXFileReference; fileEncoding = 4; lastKnownFileType = sourcecode.cpp.cpp; path = b2StackAllocator.cpp; sourceTree = "<group>"; };
		3D56C6CD131E41FB00BF7F17 /* b2StackAllocator.h */ = {isa = PBXFileReference; fileEncoding = 4; lastKnownFileType = sourcecode.c.h; path = b2StackAllocator.h; sourceTree = "<group>"; };
		3D56C6CF131E41FB00BF7F17 /* b2Body.cpp */ = {isa = PBXFileReference; fileEncoding = 4; lastKnownFileType = sourcecode.cpp.cpp; path = b2Body.cpp; sourceTree = "<group>"; };
		3D56C6D0131E41FB00BF7F17 /* b2Body.h */ = {isa = PBXFileReference; fileEncoding = 4; lastKnownFileType = sourcecode.c.h; path = b2Body.h; sourceTree = "<group>"; };
		3D56C6D1131E41FB00BF7F17 /* b2ContactManager.cpp */ = {isa = PBXFileReference; fileEncoding = 4; lastKnownFileType = sourcecode.cpp.cpp; path = b2ContactManager.cpp; sourceTree = "<group>"; };
		3D56C6D2131E41FB00BF7F17 /* b2ContactManager.h */ = {isa = PBXFileReference; fileEncoding = 4; lastKnownFileType = sourcecode.c.h; path = b2ContactManager.h; sourceTree = "<group>"; };
		3D56C6D3131E41FB00BF7F17 /* b2Fixture.cpp */ = {isa = PBXFileReference; fileEncoding = 4; lastKnownFileType = sourcecode.cpp.cpp; path = b2Fixture.cpp; sourceTree = "<group>"; };
		3D56C6D4131E41FB00BF7F17 /* b2Fixture.h */ = {isa = PBXFileReference; fileEncoding = 4; lastKnownFileType = sourcecode.c.h; path = b2Fixture.h; sourceTree = "<group>"; };
		3D56C6D5131E41FB00BF7F17 /* b2Island.cpp */ = {isa = PBXFileReference; fileEncoding = 4; lastKnownFileType = sourcecode.cpp.cpp; path = b2Island.cpp; sourceTree = "<group>"; };
		3D56C6D6131E41FB00BF7F17 /* b2Island.h */ = {isa = PBXFileReference; fileEncoding = 4; lastKnownFileType = sourcecode.c.h; path = b2Island.h; sourceTree = "<group>"; };
		3D56C6D7131E41FB00BF7F17 /* b2TimeStep.h */ = {isa = PBXFileReference; fileEncoding = 4; lastKnownFileType = sourcecode.c.h; path = b2TimeStep.h; sourceTree = "<group>"; };
		3D56C6D8131E41FB00BF7F17 /* b2World.cpp */ = {isa = PBXFileReference; fileEncoding = 4; lastKnownFileType = sourcecode.cpp.cpp; path = b2World.cpp; sourceTree = "<group>"; };
		3D56C6D9131E41FB00BF7F17 /* b2World.h */ = {isa = PBXFileReference; fileEncoding = 4; lastKnownFileType = sourcecode.c.h; path = b2World.h; sourceTree = "<group>"; };
		3D56C6DA131E41FB00BF7F17 /* b2WorldCallbacks.cpp */ = {isa = PBXFileReference; fileEncoding = 4; lastKnownFileType = sourcecode.cpp.cpp; path = b2WorldCallbacks.cpp; sourceTree = "<group>"; };
		3D56C6DB131E41FB00BF7F17 /* b2WorldCallbacks.h */ = {isa = PBXFileReference; fileEncoding = 4; lastKnownFileType = sourcecode.c.h; path = b2WorldCallbacks.h; sourceTree = "<group>"; };
		3D56C6DD131E41FB00BF7F17 /* b2CircleContact.cpp */ = {isa = PBXFileReference; fileEncoding = 4; lastKnownFileType = sourcecode.cpp.cpp; path = b2CircleContact.cpp; sourceTree = "<group>"; };
		3D56C6DE131E41FB00BF7F17 /* b2CircleContact.h */ = {isa = PBXFileReference; fileEncoding = 4; lastKnownFileType = sourcecode.c.h; path = b2CircleContact.h; sourceTree = "<group>"; };
		3D56C6DF131E41FB00BF7F17 /* b2Contact.cpp */ = {isa = PBXFileReference; fileEncoding = 4; lastKnownFileType = sourcecode.cpp.cpp; path = b2Contact.cpp; sourceTree = "<group>"; };
		3D56C6E0131E41FB00BF7F17 /* b2Contact.h */ = {isa = PBXFileReference; fileEncoding = 4; lastKnownFileType = sourcecode.c.h; path = b2Contact.h; sourceTree = "<group>"; };
		3D56C6E1131E41FB00BF7F17 /* b2ContactSolver.cpp */ = {isa = PBXFileReference; fileEncoding = 4; lastKnownFileType = sourcecode.cpp.cpp; path = b2ContactSolver.cpp; sourceTree = "<group>"; };
		3D56C6E2131E41FB00BF7F17 /* b2ContactSolver.h */ = {isa = PBXFileReference; fileEncoding = 4; lastKnownFileType = sourcecode.c.h; path = b2ContactSolver.h; sourceTree = "<group>"; };
		3D56C6E3131E41FB00BF7F17 /* b2PolygonAndCircleContact.cpp */ = {isa = PBXFileReference; fileEncoding = 4; lastKnownFileType = sourcecode.cpp.cpp; path = b2PolygonAndCircleContact.cpp; sourceTree = "<group>"; };
		3D56C6E4131E41FB00BF7F17 /* b2PolygonAndCircleContact.h */ = {isa = PBXFileReference; fileEncoding = 4; lastKnownFileType = sourcecode.c.h; path = b2PolygonAndCircleContact.h; sourceTree = "<group>"; };
		3D56C6E5131E41FB00BF7F17 /* b2PolygonContact.cpp */ = {isa = PBXFileReference; fileEncoding = 4; lastKnownFileType = sourcecode.cpp.cpp; path = b2PolygonContact.cpp; sourceTree = "<group>"; };
		3D56C6E6131E41FB00BF7F17 /* b2PolygonContact.h */ = {isa = PBXFileReference; fileEncoding = 4; lastKnownFileType = sourcecode.c.h; path = b2PolygonContact.h; sourceTree = "<group>"; };
		3D56C6E7131E41FB00BF7F17 /* b2TOISolver.cpp */ = {isa = PBXFileReference; fileEncoding = 4; lastKnownFileType = sourcecode.cpp.cpp; path = b2TOISolver.cpp; sourceTree = "<group>"; };
		3D56C6E8131E41FB00BF7F17 /* b2TOISolver.h */ = {isa = PBXFileReference; fileEncoding = 4; lastKnownFileType = sourcecode.c.h; path = b2TOISolver.h; sourceTree = "<group>"; };
		3D56C6EA131E41FB00BF7F17 /* b2DistanceJoint.cpp */ = {isa = PBXFileReference; fileEncoding = 4; lastKnownFileType = sourcecode.cpp.cpp; path = b2DistanceJoint.cpp; sourceTree = "<group>"; };
		3D56C6EB131E41FB00BF7F17 /* b2DistanceJoint.h */ = {isa = PBXFileReference; fileEncoding = 4; lastKnownFileType = sourcecode.c.h; path = b2DistanceJoint.h; sourceTree = "<group>"; };
		3D56C6EC131E41FB00BF7F17 /* b2FrictionJoint.cpp */ = {isa = PBXFileReference; fileEncoding = 4; lastKnownFileType = sourcecode.cpp.cpp; path = b2FrictionJoint.cpp; sourceTree = "<group>"; };
		3D56C6ED131E41FB00BF7F17 /* b2FrictionJoint.h */ = {isa = PBXFileReference; fileEncoding = 4; lastKnownFileType = sourcecode.c.h; path = b2FrictionJoint.h; sourceTree = "<group>"; };
		3D56C6EE131E41FB00BF7F17 /* b2GearJoint.cpp */ = {isa = PBXFileReference; fileEncoding = 4; lastKnownFileType = sourcecode.cpp.cpp; path = b2GearJoint.cpp; sourceTree = "<group>"; };
		3D56C6EF131E41FB00BF7F17 /* b2GearJoint.h */ = {isa = PBXFileReference; fileEncoding = 4; lastKnownFileType = sourcecode.c.h; path = b2GearJoint.h; sourceTree = "<group>"; };
		3D56C6F0131E41FB00BF7F17 /* b2Joint.cpp */ = {isa = PBXFileReference; fileEncoding = 4; lastKnownFileType = sourcecode.cpp.cpp; path = b2Joint.cpp; sourceTree = "<group>"; };
		3D56C6F1131E41FB00BF7F17 /* b2Joint.h */ = {isa = PBXFileReference; fileEncoding = 4; lastKnownFileType = sourcecode.c.h; path = b2Joint.h; sourceTree = "<group>"; };
		3D56C6F2131E41FB00BF7F17 /* b2LineJoint.cpp */ = {isa = PBXFileReference; fileEncoding = 4; lastKnownFileType = sourcecode.cpp.cpp; path = b2LineJoint.cpp; sourceTree = "<group>"; };
		3D56C6F3131E41FB00BF7F17 /* b2LineJoint.h */ = {isa = PBXFileReference; fileEncoding = 4; lastKnownFileType = sourcecode.c.h; path = b2LineJoint.h; sourceTree = "<group>"; };
		3D56C6F4131E41FB00BF7F17 /* b2MouseJoint.cpp */ = {isa = PBXFileReference; fileEncoding = 4; lastKnownFileType = sourcecode.cpp.cpp; path = b2MouseJoint.cpp; sourceTree = "<group>"; };
		3D56C6F5131E41FB00BF7F17 /* b2MouseJoint.h */ = {isa = PBXFileReference; fileEncoding = 4; lastKnownFileType = sourcecode.c.h; path = b2MouseJoint.h; sourceTree = "<group>"; };
		3D56C6F6131E41FB00BF7F17 /* b2PrismaticJoint.cpp */ = {isa = PBXFileReference; fileEncoding = 4; lastKnownFileType = sourcecode.cpp.cpp; path = b2PrismaticJoint.cpp; sourceTree = "<group>"; };
		3D56C6F7131E41FB00BF7F17 /* b2PrismaticJoint.h */ = {isa = PBXFileReference; fileEncoding = 4; lastKnownFileType = sourcecode.c.h; path = b2PrismaticJoint.h; sourceTree = "<group>"; };
		3D56C6F8131E41FB00BF7F17 /* b2PulleyJoint.cpp */ = {isa = PBXFileReference; fileEncoding = 4; lastKnownFileType = sourcecode.cpp.cpp; path = b2PulleyJoint.cpp; sourceTree = "<group>"; };
		3D56C6F9131E41FB00BF7F17 /* b2PulleyJoint.h */ = {isa = PBXFileReference; fileEncoding = 4; lastKnownFileType = sourcecode.c.h; path = b2PulleyJoint.h; sourceTree = "<group>"; };
		3D56C6FA131E41FB00BF7F17 /* b2RevoluteJoint.cpp */ = {isa = PBXFileReference; fileEncoding = 4; lastKnownFileType = sourcecode.cpp.cpp; path = b2RevoluteJoint.cpp; sourceTree = "<group>"; };
		3D56C6FB131E41FB00BF7F17 /* b2RevoluteJoint.h */ = {isa = PBXFileReference; fileEncoding = 4; lastKnownFileType = sourcecode.c.h; path = b2RevoluteJoint.h; sourceTree = "<group>"; };
		3D56C6FC131E41FB00BF7F17 /* b2WeldJoint.cpp */ = {isa = PBXFileReference; fileEncoding = 4; lastKnownFileType = sourcecode.cpp.cpp; path = b2WeldJoint.cpp; sourceTree = "<group>"; };
		3D56C6FD131E41FB00BF7F17 /* b2WeldJoint.h */ = {isa = PBXFileReference; fileEncoding = 4; lastKnownFileType = sourcecode.c.h; path = b2WeldJoint.h; sourceTree = "<group>"; };
		3D56C6FF131E41FB00BF7F17 /* Game.cpp */ = {isa = PBXFileReference; fileEncoding = 4; lastKnownFileType = sourcecode.cpp.cpp; path = Game.cpp; sourceTree = "<group>"; };
		3D56C700131E41FB00BF7F17 /* Game.h */ = {isa = PBXFileReference; fileEncoding = 4; lastKnownFileType = sourcecode.c.h; path = Game.h; sourceTree = "<group>"; };
		3D56C701131E41FB00BF7F17 /* GameConstants.h */ = {isa = PBXFileReference; fileEncoding = 4; lastKnownFileType = sourcecode.c.h; path = GameConstants.h; sourceTree = "<group>"; };
		3D56C703131E41FB00BF7F17 /* GameObject.cpp */ = {isa = PBXFileReference; fileEncoding = 4; lastKnownFileType = sourcecode.cpp.cpp; path = GameObject.cpp; sourceTree = "<group>"; };
		3D56C704131E41FB00BF7F17 /* GameObject.h */ = {isa = PBXFileReference; fileEncoding = 4; lastKnownFileType = sourcecode.c.h; path = GameObject.h; sourceTree = "<group>"; };
		3D56C705131E41FB00BF7F17 /* GameObjectFactory.cpp */ = {isa = PBXFileReference; fileEncoding = 4; lastKnownFileType = sourcecode.cpp.cpp; path = GameObjectFactory.cpp; sourceTree = "<group>"; };
		3D56C706131E41FB00BF7F17 /* GameObjectFactory.h */ = {isa = PBXFileReference; fileEncoding = 4; lastKnownFileType = sourcecode.c.h; path = GameObjectFactory.h; sourceTree = "<group>"; };
		3D56C707131E41FB00BF7F17 /* GameObjectMeta.cpp */ = {isa = PBXFileReference; fileEncoding = 4; lastKnownFileType = sourcecode.cpp.cpp; path = GameObjectMeta.cpp; sourceTree = "<group>"; };
		3D56C708131E41FB00BF7F17 /* GameObjectMeta.h */ = {isa = PBXFileReference; fileEncoding = 4; lastKnownFileType = sourcecode.c.h; path = GameObjectMeta.h; sourceTree = "<group>"; };
		3D56C709131E41FB00BF7F17 /* GameObjectProperty.cpp */ = {isa = PBXFileReference; fileEncoding = 4; lastKnownFileType = sourcecode.cpp.cpp; path = GameObjectProperty.cpp; sourceTree = "<group>"; };
		3D56C70A131E41FB00BF7F17 /* GameObjectProperty.h */ = {isa = PBXFileReference; fileEncoding = 4; lastKnownFileType = sourcecode.c.h; path = GameObjectProperty.h; sourceTree = "<group>"; };
		3D56C70B131E41FB00BF7F17 /* GameObjectPropertyMeta.cpp */ = {isa = PBXFileReference; fileEncoding = 4; lastKnownFileType = sourcecode.cpp.cpp; path = GameObjectPropertyMeta.cpp; sourceTree = "<group>"; };
		3D56C70C131E41FB00BF7F17 /* GameObjectPropertyMeta.h */ = {isa = PBXFileReference; fileEncoding = 4; lastKnownFileType = sourcecode.c.h; path = GameObjectPropertyMeta.h; sourceTree = "<group>"; };
		3D56C70E131E41FB00BF7F17 /* Ball.cpp */ = {isa = PBXFileReference; fileEncoding = 4; lastKnownFileType = sourcecode.cpp.cpp; path = Ball.cpp; sourceTree = "<group>"; };
		3D56C70F131E41FB00BF7F17 /* Ball.h */ = {isa = PBXFileReference; fileEncoding = 4; lastKnownFileType = sourcecode.c.h; path = Ball.h; sourceTree = "<group>"; };
		3D56C710131E41FB00BF7F17 /* GameUtil.cpp */ = {isa = PBXFileReference; fileEncoding = 4; lastKnownFileType = sourcecode.cpp.cpp; path = GameUtil.cpp; sourceTree = "<group>"; };
		3D56C711131E41FB00BF7F17 /* GameUtil.h */ = {isa = PBXFileReference; fileEncoding = 4; lastKnownFileType = sourcecode.c.h; path = GameUtil.h; sourceTree = "<group>"; };
		3D56C713131E41FB00BF7F17 /* TouchInputProcessor.cpp */ = {isa = PBXFileReference; fileEncoding = 4; lastKnownFileType = sourcecode.cpp.cpp; path = TouchInputProcessor.cpp; sourceTree = "<group>"; };
		3D56C714131E41FB00BF7F17 /* TouchInputProcessor.h */ = {isa = PBXFileReference; fileEncoding = 4; lastKnownFileType = sourcecode.c.h; path = TouchInputProcessor.h; sourceTree = "<group>"; };
		3D56C716131E41FB00BF7F17 /* LevelIO.cpp */ = {isa = PBXFileReference; fileEncoding = 4; lastKnownFileType = sourcecode.cpp.cpp; path = LevelIO.cpp; sourceTree = "<group>"; };
		3D56C717131E41FB00BF7F17 /* LevelIO.h */ = {isa = PBXFileReference; fileEncoding = 4; lastKnownFileType = sourcecode.c.h; path = LevelIO.h; sourceTree = "<group>"; };
		3D56C719131E41FB00BF7F17 /* GameOptionsMenu.cpp */ = {isa = PBXFileReference; fileEncoding = 4; lastKnownFileType = sourcecode.cpp.cpp; path = GameOptionsMenu.cpp; sourceTree = "<group>"; };
		3D56C71A131E41FB00BF7F17 /* GameOptionsMenu.h */ = {isa = PBXFileReference; fileEncoding = 4; lastKnownFileType = sourcecode.c.h; path = GameOptionsMenu.h; sourceTree = "<group>"; };
		3D56C71B131E41FB00BF7F17 /* MenuButtonMenu.cpp */ = {isa = PBXFileReference; fileEncoding = 4; lastKnownFileType = sourcecode.cpp.cpp; path = MenuButtonMenu.cpp; sourceTree = "<group>"; };
		3D56C71C131E41FB00BF7F17 /* MenuButtonMenu.h */ = {isa = PBXFileReference; fileEncoding = 4; lastKnownFileType = sourcecode.c.h; path = MenuButtonMenu.h; sourceTree = "<group>"; };
		3D56C71D131E41FB00BF7F17 /* SettingsMenu.cpp */ = {isa = PBXFileReference; fileEncoding = 4; lastKnownFileType = sourcecode.cpp.cpp; path = SettingsMenu.cpp; sourceTree = "<group>"; };
		3D56C71E131E41FB00BF7F17 /* SettingsMenu.h */ = {isa = PBXFileReference; fileEncoding = 4; lastKnownFileType = sourcecode.c.h; path = SettingsMenu.h; sourceTree = "<group>"; };
		3D56C71F131E41FB00BF7F17 /* SoundcheckMenu.cpp */ = {isa = PBXFileReference; fileEncoding = 4; lastKnownFileType = sourcecode.cpp.cpp; path = SoundcheckMenu.cpp; sourceTree = "<group>"; };
		3D56C720131E41FB00BF7F17 /* SoundcheckMenu.h */ = {isa = PBXFileReference; fileEncoding = 4; lastKnownFileType = sourcecode.c.h; path = SoundcheckMenu.h; sourceTree = "<group>"; };
		3D56C721131E41FB00BF7F17 /* TopMenu.cpp */ = {isa = PBXFileReference; fileEncoding = 4; lastKnownFileType = sourcecode.cpp.cpp; path = TopMenu.cpp; sourceTree = "<group>"; };
		3D56C722131E41FB00BF7F17 /* TopMenu.h */ = {isa = PBXFileReference; fileEncoding = 4; lastKnownFileType = sourcecode.c.h; path = TopMenu.h; sourceTree = "<group>"; };
		3D56C723131E41FB00BF7F17 /* PhysicsBodyObject.h */ = {isa = PBXFileReference; fileEncoding = 4; lastKnownFileType = sourcecode.c.h; path = PhysicsBodyObject.h; sourceTree = "<group>"; };
		3D56C725131E41FB00BF7F17 /* B2DebugRenderer.cpp */ = {isa = PBXFileReference; fileEncoding = 4; lastKnownFileType = sourcecode.cpp.cpp; path = B2DebugRenderer.cpp; sourceTree = "<group>"; };
		3D56C726131E41FB00BF7F17 /* B2DebugRenderer.h */ = {isa = PBXFileReference; fileEncoding = 4; lastKnownFileType = sourcecode.c.h; path = B2DebugRenderer.h; sourceTree = "<group>"; };
		3D56C727131E41FB00BF7F17 /* BallRenderer.cpp */ = {isa = PBXFileReference; fileEncoding = 4; lastKnownFileType = sourcecode.cpp.cpp; path = BallRenderer.cpp; sourceTree = "<group>"; };
		3D56C728131E41FB00BF7F17 /* BallRenderer.h */ = {isa = PBXFileReference; fileEncoding = 4; lastKnownFileType = sourcecode.c.h; path = BallRenderer.h; sourceTree = "<group>"; };
		3D56C729131E41FB00BF7F17 /* BatchSpriteRenderer.cpp */ = {isa = PBXFileReference; fileEncoding = 4; lastKnownFileType = sourcecode.cpp.cpp; path = BatchSpriteRenderer.cpp; sourceTree = "<group>"; };
		3D56C72A131E41FB00BF7F17 /* BatchSpriteRenderer.h */ = {isa = PBXFileReference; fileEncoding = 4; lastKnownFileType = sourcecode.c.h; path = BatchSpriteRenderer.h; sourceTree = "<group>"; };
		3D56C72B131E41FB00BF7F17 /* SimpleSpriteRenderer.cpp */ = {isa = PBXFileReference; fileEncoding = 4; lastKnownFileType = sourcecode.cpp.cpp; path = SimpleSpriteRenderer.cpp; sourceTree = "<group>"; };
		3D56C72C131E41FB00BF7F17 /* SimpleSpriteRenderer.h */ = {isa = PBXFileReference; fileEncoding = 4; lastKnownFileType = sourcecode.c.h; path = SimpleSpriteRenderer.h; sourceTree = "<group>"; };
		3D56C72D131E41FB00BF7F17 /* WorldRenderer.cpp */ = {isa = PBXFileReference; fileEncoding = 4; lastKnownFileType = sourcecode.cpp.cpp; path = WorldRenderer.cpp; sourceTree = "<group>"; };
		3D56C72E131E41FB00BF7F17 /* WorldRenderer.h */ = {isa = PBXFileReference; fileEncoding = 4; lastKnownFileType = sourcecode.c.h; path = WorldRenderer.h; sourceTree = "<group>"; };
		3D56C72F131E41FB00BF7F17 /* StdQueryCallback.h */ = {isa = PBXFileReference; fileEncoding = 4; lastKnownFileType = sourcecode.c.h; path = StdQueryCallback.h; sourceTree = "<group>"; };
		3D56C730131E41FB00BF7F17 /* UIConstants.h */ = {isa = PBXFileReference; fileEncoding = 4; lastKnownFileType = sourcecode.c.h; path = UIConstants.h; sourceTree = "<group>"; };
		3D56C731131E41FB00BF7F17 /* World.cpp */ = {isa = PBXFileReference; fileEncoding = 4; lastKnownFileType = sourcecode.cpp.cpp; path = World.cpp; sourceTree = "<group>"; };
		3D56C732131E41FB00BF7F17 /* World.h */ = {isa = PBXFileReference; fileEncoding = 4; lastKnownFileType = sourcecode.c.h; path = World.h; sourceTree = "<group>"; };
		3D56C83D131E444C00BF7F17 /* AudioUnit.framework */ = {isa = PBXFileReference; lastKnownFileType = wrapper.framework; name = AudioUnit.framework; path = System/Library/Frameworks/AudioUnit.framework; sourceTree = SDKROOT; };
		3D56C866131E4BD300BF7F17 /* assets */ = {isa = PBXFileReference; lastKnownFileType = folder; path = assets; sourceTree = "<group>"; };
		3DF36F951333E16E00372594 /* ScrollableContainer.cpp */ = {isa = PBXFileReference; fileEncoding = 4; lastKnownFileType = sourcecode.cpp.cpp; path = ScrollableContainer.cpp; sourceTree = "<group>"; };
		3DF36F961333E16E00372594 /* ScrollableContainer.h */ = {isa = PBXFileReference; fileEncoding = 4; lastKnownFileType = sourcecode.c.h; path = ScrollableContainer.h; sourceTree = "<group>"; };
		8D1107310486CEB800E47090 /* batterytech_osx-Info.plist */ = {isa = PBXFileReference; fileEncoding = 4; lastKnownFileType = text.plist.xml; path = "batterytech_osx-Info.plist"; sourceTree = "<group>"; };
		8D1107320486CEB800E47090 /* batterytech-osx.app */ = {isa = PBXFileReference; explicitFileType = wrapper.application; includeInIndex = 0; path = "batterytech-osx.app"; sourceTree = BUILT_PRODUCTS_DIR; };
/* End PBXFileReference section */

/* Begin PBXFrameworksBuildPhase section */
		8D11072E0486CEB800E47090 /* Frameworks */ = {
			isa = PBXFrameworksBuildPhase;
			buildActionMask = 2147483647;
			files = (
				8D11072F0486CEB800E47090 /* Cocoa.framework in Frameworks */,
				3D56C305131DF1CD00BF7F17 /* AudioToolbox.framework in Frameworks */,
				3D56C307131DF1CD00BF7F17 /* Foundation.framework in Frameworks */,
				3D56C309131DF1CD00BF7F17 /* OpenGL.framework in Frameworks */,
				3D56C30B131DF1CD00BF7F17 /* QuartzCore.framework in Frameworks */,
				3D56C83E131E444C00BF7F17 /* AudioUnit.framework in Frameworks */,
			);
			runOnlyForDeploymentPostprocessing = 0;
		};
/* End PBXFrameworksBuildPhase section */

/* Begin PBXGroup section */
		1058C7A0FEA54F0111CA2CBB /* Linked Frameworks */ = {
			isa = PBXGroup;
			children = (
				3D56C83D131E444C00BF7F17 /* AudioUnit.framework */,
				3D56C304131DF1CD00BF7F17 /* AudioToolbox.framework */,
				3D56C306131DF1CD00BF7F17 /* Foundation.framework */,
				3D56C308131DF1CD00BF7F17 /* OpenGL.framework */,
				3D56C30A131DF1CD00BF7F17 /* QuartzCore.framework */,
				1058C7A1FEA54F0111CA2CBB /* Cocoa.framework */,
			);
			name = "Linked Frameworks";
			sourceTree = "<group>";
		};
		1058C7A2FEA54F0111CA2CBB /* Other Frameworks */ = {
			isa = PBXGroup;
			children = (
				29B97324FDCFA39411CA2CEA /* AppKit.framework */,
				13E42FB307B3F0F600E4EEF1 /* CoreData.framework */,
			);
			name = "Other Frameworks";
			sourceTree = "<group>";
		};
		19C28FACFE9D520D11CA2CBB /* Products */ = {
			isa = PBXGroup;
			children = (
				8D1107320486CEB800E47090 /* batterytech-osx.app */,
			);
			name = Products;
			sourceTree = "<group>";
		};
		29B97314FDCFA39411CA2CEA /* batterytech-osx */ = {
			isa = PBXGroup;
			children = (
				3D56C33E131DF9AC00BF7F17 /* Classes */,
				29B97315FDCFA39411CA2CEA /* Other Sources */,
				29B97317FDCFA39411CA2CEA /* Resources */,
				29B97323FDCFA39411CA2CEA /* Frameworks */,
				19C28FACFE9D520D11CA2CBB /* Products */,
			);
			name = "batterytech-osx";
			sourceTree = "<group>";
		};
		29B97315FDCFA39411CA2CEA /* Other Sources */ = {
			isa = PBXGroup;
			children = (
				3D56C62F131E41FA00BF7F17 /* batterytech */,
				3D56C6AE131E41FB00BF7F17 /* Box2D */,
				3D56C6FE131E41FB00BF7F17 /* demo-app */,
				256AC3F00F4B6AF500CF3369 /* batterytech_osx_Prefix.pch */,
				29B97316FDCFA39411CA2CEA /* main.m */,
			);
			name = "Other Sources";
			sourceTree = "<group>";
		};
		29B97317FDCFA39411CA2CEA /* Resources */ = {
			isa = PBXGroup;
			children = (
				3D56C866131E4BD300BF7F17 /* assets */,
				8D1107310486CEB800E47090 /* batterytech_osx-Info.plist */,
				089C165CFE840E0CC02AAC07 /* InfoPlist.strings */,
				1DDD58140DA1D0A300B32029 /* MainMenu.xib */,
			);
			name = Resources;
			sourceTree = "<group>";
		};
		29B97323FDCFA39411CA2CEA /* Frameworks */ = {
			isa = PBXGroup;
			children = (
				1058C7A0FEA54F0111CA2CBB /* Linked Frameworks */,
				1058C7A2FEA54F0111CA2CBB /* Other Frameworks */,
			);
			name = Frameworks;
			sourceTree = "<group>";
		};
		3D56C33E131DF9AC00BF7F17 /* Classes */ = {
			isa = PBXGroup;
			children = (
				3D56C33F131DF9AC00BF7F17 /* batterytech_osxAppDelegate.h */,
				3D56C340131DF9AC00BF7F17 /* batterytech_osxAppDelegate.m */,
				3D56C341131DF9AC00BF7F17 /* batterytechGLView.h */,
				3D56C342131DF9AC00BF7F17 /* batterytechGLView.mm */,
				3D56C345131DF9AC00BF7F17 /* RemoteIOPlayer.h */,
				3D56C346131DF9AC00BF7F17 /* RemoteIOPlayer.mm */,
			);
			path = Classes;
			sourceTree = "<group>";
		};
		3D56C62F131E41FA00BF7F17 /* batterytech */ = {
			isa = PBXGroup;
			children = (
				3D56C630131E41FA00BF7F17 /* audio */,
				3D56C639131E41FA00BF7F17 /* batterytech.cpp */,
				3D56C63A131E41FA00BF7F17 /* batterytech.h */,
				3D56C63B131E41FA00BF7F17 /* batterytech_globals.h */,
				3D56C63C131E41FA00BF7F17 /* Context.cpp */,
				3D56C63D131E41FA00BF7F17 /* Context.h */,
				3D56C63E131E41FA00BF7F17 /* decoders */,
				3D56C644131E41FA00BF7F17 /* Logger.cpp */,
				3D56C645131E41FA00BF7F17 /* Logger.h */,
				3D56C646131E41FA00BF7F17 /* math */,
				3D56C64C131E41FA00BF7F17 /* network */,
				3D56C656131E41FB00BF7F17 /* platform */,
				3D56C67A131E41FB00BF7F17 /* primitives.h */,
				3D56C67B131E41FB00BF7F17 /* render */,
				3D56C686131E41FB00BF7F17 /* ui */,
				3D56C69E131E41FB00BF7F17 /* util */,
				3D56C6AC131E41FB00BF7F17 /* VibrationManager.cpp */,
				3D56C6AD131E41FB00BF7F17 /* VibrationManager.h */,
			);
			name = batterytech;
			path = ../batterytech/src/batterytech;
			sourceTree = SOURCE_ROOT;
		};
		3D56C630131E41FA00BF7F17 /* audio */ = {
			isa = PBXGroup;
			children = (
				3D56C631131E41FA00BF7F17 /* AudioManager.cpp */,
				3D56C632131E41FA00BF7F17 /* AudioManager.h */,
				3D56C633131E41FA00BF7F17 /* PCMAudioManager.cpp */,
				3D56C634131E41FA00BF7F17 /* PCMAudioManager.h */,
				3D56C635131E41FA00BF7F17 /* PCMSound.cpp */,
				3D56C636131E41FA00BF7F17 /* PCMSound.h */,
				3D56C637131E41FA00BF7F17 /* PCMStream.cpp */,
				3D56C638131E41FA00BF7F17 /* PCMStream.h */,
			);
			path = audio;
			sourceTree = "<group>";
		};
		3D56C63E131E41FA00BF7F17 /* decoders */ = {
			isa = PBXGroup;
			children = (
				3D56C63F131E41FA00BF7F17 /* stb_image.c */,
				3D56C640131E41FA00BF7F17 /* stb_image.h */,
				3D56C641131E41FA00BF7F17 /* stb_truetype.h */,
				3D56C642131E41FA00BF7F17 /* stb_vorbis.c */,
				3D56C643131E41FA00BF7F17 /* stb_vorbis.h */,
			);
			path = decoders;
			sourceTree = "<group>";
		};
		3D56C646131E41FA00BF7F17 /* math */ = {
			isa = PBXGroup;
			children = (
				3D56C647131E41FA00BF7F17 /* Triangulator.cpp */,
				3D56C648131E41FA00BF7F17 /* Triangulator.h */,
				3D56C649131E41FA00BF7F17 /* Vec2f.h */,
				3D56C64A131E41FA00BF7F17 /* Vec4f.h */,
			);
			path = math;
			sourceTree = "<group>";
		};
		3D56C64C131E41FA00BF7F17 /* network */ = {
			isa = PBXGroup;
			children = (
				3D56C64D131E41FA00BF7F17 /* GameConnection.cpp */,
				3D56C64E131E41FA00BF7F17 /* GameConnection.h */,
				3D56C64F131E41FA00BF7F17 /* NetworkManager.cpp */,
				3D56C650131E41FA00BF7F17 /* NetworkManager.h */,
				3D56C651131E41FA00BF7F17 /* NetworkMessage.cpp */,
				3D56C652131E41FA00BF7F17 /* NetworkMessage.h */,
				3D56C653131E41FA00BF7F17 /* NetworkMessageFactory.h */,
				3D56C654131E41FA00BF7F17 /* NetworkMessageListener.h */,
				3D56C655131E41FB00BF7F17 /* NetworkStatusListener.h */,
			);
			path = network;
			sourceTree = "<group>";
		};
		3D56C656131E41FB00BF7F17 /* platform */ = {
			isa = PBXGroup;
			children = (
				3D56C657131E41FB00BF7F17 /* android */,
				3D56C65E131E41FB00BF7F17 /* ios */,
				3D56C666131E41FB00BF7F17 /* opengles.cpp */,
				3D56C667131E41FB00BF7F17 /* opengles.h */,
				3D56C668131E41FB00BF7F17 /* osx */,
				3D56C66C131E41FB00BF7F17 /* platformgeneral.cpp */,
				3D56C66D131E41FB00BF7F17 /* platformgeneral.h */,
				3D56C66E131E41FB00BF7F17 /* platformgl.h */,
				3D56C66F131E41FB00BF7F17 /* win32 */,
			);
			path = platform;
			sourceTree = "<group>";
		};
		3D56C657131E41FB00BF7F17 /* android */ = {
			isa = PBXGroup;
			children = (
				3D56C658131E41FB00BF7F17 /* androidgeneral.cpp */,
				3D56C659131E41FB00BF7F17 /* androidgeneral.h */,
				3D56C65A131E41FB00BF7F17 /* androidtypes.h */,
				3D56C65B131E41FB00BF7F17 /* boot.cpp */,
				3D56C65C131E41FB00BF7F17 /* importgl.cpp */,
				3D56C65D131E41FB00BF7F17 /* importgl.h */,
			);
			path = android;
			sourceTree = "<group>";
		};
		3D56C65E131E41FB00BF7F17 /* ios */ = {
			isa = PBXGroup;
			children = (
				3D56C65F131E41FB00BF7F17 /* batterytechKeyboardDelegate.h */,
				3D56C660131E41FB00BF7F17 /* batterytechKeyboardDelegate.mm */,
				3D56C661131E41FB00BF7F17 /* boot.h */,
				3D56C662131E41FB00BF7F17 /* boot.mm */,
				3D56C663131E41FB00BF7F17 /* iosgeneral.h */,
				3D56C664131E41FB00BF7F17 /* iosgeneral.mm */,
				3D56C665131E41FB00BF7F17 /* iostypes.h */,
			);
			path = ios;
			sourceTree = "<group>";
		};
		3D56C668131E41FB00BF7F17 /* osx */ = {
			isa = PBXGroup;
			children = (
				3D56C669131E41FB00BF7F17 /* osxgeneral.h */,
				3D56C66A131E41FB00BF7F17 /* osxgeneral.mm */,
				3D56C66B131E41FB00BF7F17 /* osxtypes.h */,
			);
			path = osx;
			sourceTree = "<group>";
		};
		3D56C66F131E41FB00BF7F17 /* win32 */ = {
			isa = PBXGroup;
			children = (
				3D56C670131E41FB00BF7F17 /* boot.cpp */,
				3D56C671131E41FB00BF7F17 /* glext.h */,
				3D56C672131E41FB00BF7F17 /* resources.h */,
				3D56C673131E41FB00BF7F17 /* resources.rc */,
				3D56C674131E41FB00BF7F17 /* wglext.h */,
				3D56C675131E41FB00BF7F17 /* win32general.cpp */,
				3D56C676131E41FB00BF7F17 /* win32general.h */,
				3D56C677131E41FB00BF7F17 /* win32types.h */,
				3D56C678131E41FB00BF7F17 /* WinSound.cpp */,
				3D56C679131E41FB00BF7F17 /* WinSound.h */,
			);
			path = win32;
			sourceTree = "<group>";
		};
		3D56C67B131E41FB00BF7F17 /* render */ = {
			isa = PBXGroup;
			children = (
				3D56C67C131E41FB00BF7F17 /* GraphicsConfiguration.cpp */,
				3D56C67D131E41FB00BF7F17 /* GraphicsConfiguration.h */,
				3D56C67E131E41FB00BF7F17 /* MenuRenderer.cpp */,
				3D56C67F131E41FB00BF7F17 /* MenuRenderer.h */,
				3D56C680131E41FB00BF7F17 /* RenderContext.cpp */,
				3D56C681131E41FB00BF7F17 /* RenderContext.h */,
				3D56C682131E41FB00BF7F17 /* Renderer.cpp */,
				3D56C683131E41FB00BF7F17 /* Renderer.h */,
				3D56C684131E41FB00BF7F17 /* TextRasterRenderer.cpp */,
				3D56C685131E41FB00BF7F17 /* TextRasterRenderer.h */,
			);
			path = render;
			sourceTree = "<group>";
		};
		3D56C686131E41FB00BF7F17 /* ui */ = {
			isa = PBXGroup;
			children = (
				3D56C687131E41FB00BF7F17 /* Button.cpp */,
				3D56C688131E41FB00BF7F17 /* Button.h */,
				3D56C689131E41FB00BF7F17 /* Checkbox.cpp */,
				3D56C68A131E41FB00BF7F17 /* Checkbox.h */,
				3D56C68B131E41FB00BF7F17 /* Label.cpp */,
				3D56C68C131E41FB00BF7F17 /* Label.h */,
				3D56C68D131E41FB00BF7F17 /* Layout.cpp */,
				3D56C68E131E41FB00BF7F17 /* Layout.h */,
				3D56C68F131E41FB00BF7F17 /* LayoutParameters.h */,
				3D56C690131E41FB00BF7F17 /* LinearLayout.cpp */,
				3D56C691131E41FB00BF7F17 /* LinearLayout.h */,
				3D56C692131E41FB00BF7F17 /* Menu.cpp */,
				3D56C693131E41FB00BF7F17 /* Menu.h */,
				3DF36F951333E16E00372594 /* ScrollableContainer.cpp */,
				3DF36F961333E16E00372594 /* ScrollableContainer.h */,
				3D56C694131E41FB00BF7F17 /* SlideAnimator.cpp */,
				3D56C695131E41FB00BF7F17 /* SlideAnimator.h */,
				3D56C696131E41FB00BF7F17 /* TextField.cpp */,
				3D56C697131E41FB00BF7F17 /* TextField.h */,
				3D56C698131E41FB00BF7F17 /* UIAnimator.cpp */,
				3D56C699131E41FB00BF7F17 /* UIAnimator.h */,
				3D56C69A131E41FB00BF7F17 /* UIComponent.cpp */,
				3D56C69B131E41FB00BF7F17 /* UIComponent.h */,
				3D56C69C131E41FB00BF7F17 /* UIManager.cpp */,
				3D56C69D131E41FB00BF7F17 /* UIManager.h */,
			);
			path = ui;
			sourceTree = "<group>";
		};
		3D56C69E131E41FB00BF7F17 /* util */ = {
			isa = PBXGroup;
			children = (
				3D56C69F131E41FB00BF7F17 /* ByteUtil.cpp */,
				3D56C6A0131E41FB00BF7F17 /* ByteUtil.h */,
				3D56C6A1131E41FB00BF7F17 /* esTransform.cpp */,
				3D56C6A2131E41FB00BF7F17 /* esTransform.h */,
				3D56C6A3131E41FB00BF7F17 /* ManagedArray.h */,
				3D56C6A4131E41FB00BF7F17 /* PropertiesIO.cpp */,
				3D56C6A5131E41FB00BF7F17 /* PropertiesIO.h */,
				3D56C6A6131E41FB00BF7F17 /* Property.cpp */,
				3D56C6A7131E41FB00BF7F17 /* Property.h */,
				3D56C6A8131E41FB00BF7F17 /* strx.cpp */,
				3D56C6A9131E41FB00BF7F17 /* strx.h */,
				3D56C6AA131E41FB00BF7F17 /* TextFileUtil.cpp */,
				3D56C6AB131E41FB00BF7F17 /* TextFileUtil.h */,
			);
			path = util;
			sourceTree = "<group>";
		};
		3D56C6AE131E41FB00BF7F17 /* Box2D */ = {
			isa = PBXGroup;
			children = (
				3D56C6AF131E41FB00BF7F17 /* Box2D.h */,
				3D56C6B0131E41FB00BF7F17 /* Box2DConfig.cmake */,
				3D56C6B1131E41FB00BF7F17 /* CMakeLists.txt */,
				3D56C6B2131E41FB00BF7F17 /* Collision */,
				3D56C6C5131E41FB00BF7F17 /* Common */,
				3D56C6CE131E41FB00BF7F17 /* Dynamics */,
			);
			name = Box2D;
			path = ../batterytech/src/Box2D;
			sourceTree = SOURCE_ROOT;
		};
		3D56C6B2131E41FB00BF7F17 /* Collision */ = {
			isa = PBXGroup;
			children = (
				3D56C6B3131E41FB00BF7F17 /* b2BroadPhase.cpp */,
				3D56C6B4131E41FB00BF7F17 /* b2BroadPhase.h */,
				3D56C6B5131E41FB00BF7F17 /* b2CollideCircle.cpp */,
				3D56C6B6131E41FB00BF7F17 /* b2CollidePolygon.cpp */,
				3D56C6B7131E41FB00BF7F17 /* b2Collision.cpp */,
				3D56C6B8131E41FB00BF7F17 /* b2Collision.h */,
				3D56C6B9131E41FB00BF7F17 /* b2Distance.cpp */,
				3D56C6BA131E41FB00BF7F17 /* b2Distance.h */,
				3D56C6BB131E41FB00BF7F17 /* b2DynamicTree.cpp */,
				3D56C6BC131E41FB00BF7F17 /* b2DynamicTree.h */,
				3D56C6BD131E41FB00BF7F17 /* b2TimeOfImpact.cpp */,
				3D56C6BE131E41FB00BF7F17 /* b2TimeOfImpact.h */,
				3D56C6BF131E41FB00BF7F17 /* Shapes */,
			);
			path = Collision;
			sourceTree = "<group>";
		};
		3D56C6BF131E41FB00BF7F17 /* Shapes */ = {
			isa = PBXGroup;
			children = (
				3D56C6C0131E41FB00BF7F17 /* b2CircleShape.cpp */,
				3D56C6C1131E41FB00BF7F17 /* b2CircleShape.h */,
				3D56C6C2131E41FB00BF7F17 /* b2PolygonShape.cpp */,
				3D56C6C3131E41FB00BF7F17 /* b2PolygonShape.h */,
				3D56C6C4131E41FB00BF7F17 /* b2Shape.h */,
			);
			path = Shapes;
			sourceTree = "<group>";
		};
		3D56C6C5131E41FB00BF7F17 /* Common */ = {
			isa = PBXGroup;
			children = (
				3D56C6C6131E41FB00BF7F17 /* b2BlockAllocator.cpp */,
				3D56C6C7131E41FB00BF7F17 /* b2BlockAllocator.h */,
				3D56C6C8131E41FB00BF7F17 /* b2Math.cpp */,
				3D56C6C9131E41FB00BF7F17 /* b2Math.h */,
				3D56C6CA131E41FB00BF7F17 /* b2Settings.cpp */,
				3D56C6CB131E41FB00BF7F17 /* b2Settings.h */,
				3D56C6CC131E41FB00BF7F17 /* b2StackAllocator.cpp */,
				3D56C6CD131E41FB00BF7F17 /* b2StackAllocator.h */,
			);
			path = Common;
			sourceTree = "<group>";
		};
		3D56C6CE131E41FB00BF7F17 /* Dynamics */ = {
			isa = PBXGroup;
			children = (
				3D56C6CF131E41FB00BF7F17 /* b2Body.cpp */,
				3D56C6D0131E41FB00BF7F17 /* b2Body.h */,
				3D56C6D1131E41FB00BF7F17 /* b2ContactManager.cpp */,
				3D56C6D2131E41FB00BF7F17 /* b2ContactManager.h */,
				3D56C6D3131E41FB00BF7F17 /* b2Fixture.cpp */,
				3D56C6D4131E41FB00BF7F17 /* b2Fixture.h */,
				3D56C6D5131E41FB00BF7F17 /* b2Island.cpp */,
				3D56C6D6131E41FB00BF7F17 /* b2Island.h */,
				3D56C6D7131E41FB00BF7F17 /* b2TimeStep.h */,
				3D56C6D8131E41FB00BF7F17 /* b2World.cpp */,
				3D56C6D9131E41FB00BF7F17 /* b2World.h */,
				3D56C6DA131E41FB00BF7F17 /* b2WorldCallbacks.cpp */,
				3D56C6DB131E41FB00BF7F17 /* b2WorldCallbacks.h */,
				3D56C6DC131E41FB00BF7F17 /* Contacts */,
				3D56C6E9131E41FB00BF7F17 /* Joints */,
			);
			path = Dynamics;
			sourceTree = "<group>";
		};
		3D56C6DC131E41FB00BF7F17 /* Contacts */ = {
			isa = PBXGroup;
			children = (
				3D56C6DD131E41FB00BF7F17 /* b2CircleContact.cpp */,
				3D56C6DE131E41FB00BF7F17 /* b2CircleContact.h */,
				3D56C6DF131E41FB00BF7F17 /* b2Contact.cpp */,
				3D56C6E0131E41FB00BF7F17 /* b2Contact.h */,
				3D56C6E1131E41FB00BF7F17 /* b2ContactSolver.cpp */,
				3D56C6E2131E41FB00BF7F17 /* b2ContactSolver.h */,
				3D56C6E3131E41FB00BF7F17 /* b2PolygonAndCircleContact.cpp */,
				3D56C6E4131E41FB00BF7F17 /* b2PolygonAndCircleContact.h */,
				3D56C6E5131E41FB00BF7F17 /* b2PolygonContact.cpp */,
				3D56C6E6131E41FB00BF7F17 /* b2PolygonContact.h */,
				3D56C6E7131E41FB00BF7F17 /* b2TOISolver.cpp */,
				3D56C6E8131E41FB00BF7F17 /* b2TOISolver.h */,
			);
			path = Contacts;
			sourceTree = "<group>";
		};
		3D56C6E9131E41FB00BF7F17 /* Joints */ = {
			isa = PBXGroup;
			children = (
				3D56C6EA131E41FB00BF7F17 /* b2DistanceJoint.cpp */,
				3D56C6EB131E41FB00BF7F17 /* b2DistanceJoint.h */,
				3D56C6EC131E41FB00BF7F17 /* b2FrictionJoint.cpp */,
				3D56C6ED131E41FB00BF7F17 /* b2FrictionJoint.h */,
				3D56C6EE131E41FB00BF7F17 /* b2GearJoint.cpp */,
				3D56C6EF131E41FB00BF7F17 /* b2GearJoint.h */,
				3D56C6F0131E41FB00BF7F17 /* b2Joint.cpp */,
				3D56C6F1131E41FB00BF7F17 /* b2Joint.h */,
				3D56C6F2131E41FB00BF7F17 /* b2LineJoint.cpp */,
				3D56C6F3131E41FB00BF7F17 /* b2LineJoint.h */,
				3D56C6F4131E41FB00BF7F17 /* b2MouseJoint.cpp */,
				3D56C6F5131E41FB00BF7F17 /* b2MouseJoint.h */,
				3D56C6F6131E41FB00BF7F17 /* b2PrismaticJoint.cpp */,
				3D56C6F7131E41FB00BF7F17 /* b2PrismaticJoint.h */,
				3D56C6F8131E41FB00BF7F17 /* b2PulleyJoint.cpp */,
				3D56C6F9131E41FB00BF7F17 /* b2PulleyJoint.h */,
				3D56C6FA131E41FB00BF7F17 /* b2RevoluteJoint.cpp */,
				3D56C6FB131E41FB00BF7F17 /* b2RevoluteJoint.h */,
				3D56C6FC131E41FB00BF7F17 /* b2WeldJoint.cpp */,
				3D56C6FD131E41FB00BF7F17 /* b2WeldJoint.h */,
			);
			path = Joints;
			sourceTree = "<group>";
		};
		3D56C6FE131E41FB00BF7F17 /* demo-app */ = {
			isa = PBXGroup;
			children = (
				3D56C6FF131E41FB00BF7F17 /* Game.cpp */,
				3D56C700131E41FB00BF7F17 /* Game.h */,
				3D56C701131E41FB00BF7F17 /* GameConstants.h */,
				3D56C702131E41FB00BF7F17 /* gameobject */,
				3D56C70D131E41FB00BF7F17 /* gameobjects */,
				3D56C710131E41FB00BF7F17 /* GameUtil.cpp */,
				3D56C711131E41FB00BF7F17 /* GameUtil.h */,
				3D56C712131E41FB00BF7F17 /* input */,
				3D56C715131E41FB00BF7F17 /* level */,
				3D56C718131E41FB00BF7F17 /* menus */,
				3D56C723131E41FB00BF7F17 /* PhysicsBodyObject.h */,
				3D56C724131E41FB00BF7F17 /* render */,
				3D56C72F131E41FB00BF7F17 /* StdQueryCallback.h */,
				3D56C730131E41FB00BF7F17 /* UIConstants.h */,
				3D56C731131E41FB00BF7F17 /* World.cpp */,
				3D56C732131E41FB00BF7F17 /* World.h */,
			);
			name = "demo-app";
			path = "../batterytech/src/demo-app";
			sourceTree = SOURCE_ROOT;
		};
		3D56C702131E41FB00BF7F17 /* gameobject */ = {
			isa = PBXGroup;
			children = (
				3D56C703131E41FB00BF7F17 /* GameObject.cpp */,
				3D56C704131E41FB00BF7F17 /* GameObject.h */,
				3D56C705131E41FB00BF7F17 /* GameObjectFactory.cpp */,
				3D56C706131E41FB00BF7F17 /* GameObjectFactory.h */,
				3D56C707131E41FB00BF7F17 /* GameObjectMeta.cpp */,
				3D56C708131E41FB00BF7F17 /* GameObjectMeta.h */,
				3D56C709131E41FB00BF7F17 /* GameObjectProperty.cpp */,
				3D56C70A131E41FB00BF7F17 /* GameObjectProperty.h */,
				3D56C70B131E41FB00BF7F17 /* GameObjectPropertyMeta.cpp */,
				3D56C70C131E41FB00BF7F17 /* GameObjectPropertyMeta.h */,
			);
			path = gameobject;
			sourceTree = "<group>";
		};
		3D56C70D131E41FB00BF7F17 /* gameobjects */ = {
			isa = PBXGroup;
			children = (
				3D56C70E131E41FB00BF7F17 /* Ball.cpp */,
				3D56C70F131E41FB00BF7F17 /* Ball.h */,
			);
			path = gameobjects;
			sourceTree = "<group>";
		};
		3D56C712131E41FB00BF7F17 /* input */ = {
			isa = PBXGroup;
			children = (
				3D56C713131E41FB00BF7F17 /* TouchInputProcessor.cpp */,
				3D56C714131E41FB00BF7F17 /* TouchInputProcessor.h */,
			);
			path = input;
			sourceTree = "<group>";
		};
		3D56C715131E41FB00BF7F17 /* level */ = {
			isa = PBXGroup;
			children = (
				3D56C716131E41FB00BF7F17 /* LevelIO.cpp */,
				3D56C717131E41FB00BF7F17 /* LevelIO.h */,
			);
			path = level;
			sourceTree = "<group>";
		};
		3D56C718131E41FB00BF7F17 /* menus */ = {
			isa = PBXGroup;
			children = (
				3D56C719131E41FB00BF7F17 /* GameOptionsMenu.cpp */,
				3D56C71A131E41FB00BF7F17 /* GameOptionsMenu.h */,
				3D56C71B131E41FB00BF7F17 /* MenuButtonMenu.cpp */,
				3D56C71C131E41FB00BF7F17 /* MenuButtonMenu.h */,
				3D56C71D131E41FB00BF7F17 /* SettingsMenu.cpp */,
				3D56C71E131E41FB00BF7F17 /* SettingsMenu.h */,
				3D56C71F131E41FB00BF7F17 /* SoundcheckMenu.cpp */,
				3D56C720131E41FB00BF7F17 /* SoundcheckMenu.h */,
				3D56C721131E41FB00BF7F17 /* TopMenu.cpp */,
				3D56C722131E41FB00BF7F17 /* TopMenu.h */,
			);
			path = menus;
			sourceTree = "<group>";
		};
		3D56C724131E41FB00BF7F17 /* render */ = {
			isa = PBXGroup;
			children = (
				3D56C725131E41FB00BF7F17 /* B2DebugRenderer.cpp */,
				3D56C726131E41FB00BF7F17 /* B2DebugRenderer.h */,
				3D56C727131E41FB00BF7F17 /* BallRenderer.cpp */,
				3D56C728131E41FB00BF7F17 /* BallRenderer.h */,
				3D56C729131E41FB00BF7F17 /* BatchSpriteRenderer.cpp */,
				3D56C72A131E41FB00BF7F17 /* BatchSpriteRenderer.h */,
				3D56C72B131E41FB00BF7F17 /* SimpleSpriteRenderer.cpp */,
				3D56C72C131E41FB00BF7F17 /* SimpleSpriteRenderer.h */,
				3D56C72D131E41FB00BF7F17 /* WorldRenderer.cpp */,
				3D56C72E131E41FB00BF7F17 /* WorldRenderer.h */,
			);
			path = render;
			sourceTree = "<group>";
		};
/* End PBXGroup section */

/* Begin PBXNativeTarget section */
		8D1107260486CEB800E47090 /* batterytech-osx */ = {
			isa = PBXNativeTarget;
			buildConfigurationList = C01FCF4A08A954540054247B /* Build configuration list for PBXNativeTarget "batterytech-osx" */;
			buildPhases = (
				8D1107290486CEB800E47090 /* Resources */,
				8D11072C0486CEB800E47090 /* Sources */,
				8D11072E0486CEB800E47090 /* Frameworks */,
			);
			buildRules = (
			);
			dependencies = (
			);
			name = "batterytech-osx";
			productInstallPath = "$(HOME)/Applications";
			productName = "batterytech-osx";
			productReference = 8D1107320486CEB800E47090 /* batterytech-osx.app */;
			productType = "com.apple.product-type.application";
		};
/* End PBXNativeTarget section */

/* Begin PBXProject section */
		29B97313FDCFA39411CA2CEA /* Project object */ = {
			isa = PBXProject;
			buildConfigurationList = C01FCF4E08A954540054247B /* Build configuration list for PBXProject "batterytech-osx" */;
			compatibilityVersion = "Xcode 3.1";
			developmentRegion = English;
			hasScannedForEncodings = 1;
			knownRegions = (
				English,
				Japanese,
				French,
				German,
			);
			mainGroup = 29B97314FDCFA39411CA2CEA /* batterytech-osx */;
			projectDirPath = "";
			projectRoot = "";
			targets = (
				8D1107260486CEB800E47090 /* batterytech-osx */,
			);
		};
/* End PBXProject section */

/* Begin PBXResourcesBuildPhase section */
		8D1107290486CEB800E47090 /* Resources */ = {
			isa = PBXResourcesBuildPhase;
			buildActionMask = 2147483647;
			files = (
				8D11072B0486CEB800E47090 /* InfoPlist.strings in Resources */,
				1DDD58160DA1D0A300B32029 /* MainMenu.xib in Resources */,
				3D56C74A131E41FB00BF7F17 /* resources.rc in Resources */,
				3D56C764131E41FB00BF7F17 /* Box2DConfig.cmake in Resources */,
				3D56C765131E41FB00BF7F17 /* CMakeLists.txt in Resources */,
				3D56C87D131E4BD300BF7F17 /* assets in Resources */,
			);
			runOnlyForDeploymentPostprocessing = 0;
		};
/* End PBXResourcesBuildPhase section */

/* Begin PBXSourcesBuildPhase section */
		8D11072C0486CEB800E47090 /* Sources */ = {
			isa = PBXSourcesBuildPhase;
			buildActionMask = 2147483647;
			files = (
				8D11072D0486CEB800E47090 /* main.m in Sources */,
				3D56C347131DF9AC00BF7F17 /* batterytech_osxAppDelegate.m in Sources */,
				3D56C348131DF9AC00BF7F17 /* batterytechGLView.mm in Sources */,
				3D56C34A131DF9AC00BF7F17 /* RemoteIOPlayer.mm in Sources */,
				3D56C733131E41FB00BF7F17 /* AudioManager.cpp in Sources */,
				3D56C734131E41FB00BF7F17 /* PCMAudioManager.cpp in Sources */,
				3D56C735131E41FB00BF7F17 /* PCMSound.cpp in Sources */,
				3D56C736131E41FB00BF7F17 /* PCMStream.cpp in Sources */,
				3D56C737131E41FB00BF7F17 /* batterytech.cpp in Sources */,
				3D56C738131E41FB00BF7F17 /* Context.cpp in Sources */,
				3D56C739131E41FB00BF7F17 /* stb_image.c in Sources */,
				3D56C73A131E41FB00BF7F17 /* stb_vorbis.c in Sources */,
				3D56C73B131E41FB00BF7F17 /* Logger.cpp in Sources */,
				3D56C73C131E41FB00BF7F17 /* Triangulator.cpp in Sources */,
				3D56C73D131E41FB00BF7F17 /* GameConnection.cpp in Sources */,
				3D56C73E131E41FB00BF7F17 /* NetworkManager.cpp in Sources */,
				3D56C73F131E41FB00BF7F17 /* NetworkMessage.cpp in Sources */,
				3D56C740131E41FB00BF7F17 /* androidgeneral.cpp in Sources */,
				3D56C741131E41FB00BF7F17 /* boot.cpp in Sources */,
				3D56C742131E41FB00BF7F17 /* importgl.cpp in Sources */,
				3D56C743131E41FB00BF7F17 /* batterytechKeyboardDelegate.mm in Sources */,
				3D56C744131E41FB00BF7F17 /* boot.mm in Sources */,
				3D56C745131E41FB00BF7F17 /* iosgeneral.mm in Sources */,
				3D56C746131E41FB00BF7F17 /* opengles.cpp in Sources */,
				3D56C747131E41FB00BF7F17 /* osxgeneral.mm in Sources */,
				3D56C748131E41FB00BF7F17 /* platformgeneral.cpp in Sources */,
				3D56C749131E41FB00BF7F17 /* boot.cpp in Sources */,
				3D56C74B131E41FB00BF7F17 /* win32general.cpp in Sources */,
				3D56C74C131E41FB00BF7F17 /* WinSound.cpp in Sources */,
				3D56C74D131E41FB00BF7F17 /* GraphicsConfiguration.cpp in Sources */,
				3D56C74E131E41FB00BF7F17 /* MenuRenderer.cpp in Sources */,
				3D56C74F131E41FB00BF7F17 /* RenderContext.cpp in Sources */,
				3D56C750131E41FB00BF7F17 /* Renderer.cpp in Sources */,
				3D56C751131E41FB00BF7F17 /* TextRasterRenderer.cpp in Sources */,
				3D56C752131E41FB00BF7F17 /* Button.cpp in Sources */,
				3D56C753131E41FB00BF7F17 /* Checkbox.cpp in Sources */,
				3D56C754131E41FB00BF7F17 /* Label.cpp in Sources */,
				3D56C755131E41FB00BF7F17 /* Layout.cpp in Sources */,
				3D56C756131E41FB00BF7F17 /* LinearLayout.cpp in Sources */,
				3D56C757131E41FB00BF7F17 /* Menu.cpp in Sources */,
				3D56C758131E41FB00BF7F17 /* SlideAnimator.cpp in Sources */,
				3D56C759131E41FB00BF7F17 /* TextField.cpp in Sources */,
				3D56C75A131E41FB00BF7F17 /* UIAnimator.cpp in Sources */,
				3D56C75B131E41FB00BF7F17 /* UIComponent.cpp in Sources */,
				3D56C75C131E41FB00BF7F17 /* UIManager.cpp in Sources */,
				3D56C75D131E41FB00BF7F17 /* ByteUtil.cpp in Sources */,
				3D56C75E131E41FB00BF7F17 /* esTransform.cpp in Sources */,
				3D56C75F131E41FB00BF7F17 /* PropertiesIO.cpp in Sources */,
				3D56C760131E41FB00BF7F17 /* Property.cpp in Sources */,
				3D56C761131E41FB00BF7F17 /* strx.cpp in Sources */,
				3D56C762131E41FB00BF7F17 /* TextFileUtil.cpp in Sources */,
				3D56C763131E41FB00BF7F17 /* VibrationManager.cpp in Sources */,
				3D56C766131E41FB00BF7F17 /* b2BroadPhase.cpp in Sources */,
				3D56C767131E41FB00BF7F17 /* b2CollideCircle.cpp in Sources */,
				3D56C768131E41FB00BF7F17 /* b2CollidePolygon.cpp in Sources */,
				3D56C769131E41FB00BF7F17 /* b2Collision.cpp in Sources */,
				3D56C76A131E41FB00BF7F17 /* b2Distance.cpp in Sources */,
				3D56C76B131E41FB00BF7F17 /* b2DynamicTree.cpp in Sources */,
				3D56C76C131E41FB00BF7F17 /* b2TimeOfImpact.cpp in Sources */,
				3D56C76D131E41FB00BF7F17 /* b2CircleShape.cpp in Sources */,
				3D56C76E131E41FB00BF7F17 /* b2PolygonShape.cpp in Sources */,
				3D56C76F131E41FB00BF7F17 /* b2BlockAllocator.cpp in Sources */,
				3D56C770131E41FB00BF7F17 /* b2Math.cpp in Sources */,
				3D56C771131E41FB00BF7F17 /* b2Settings.cpp in Sources */,
				3D56C772131E41FB00BF7F17 /* b2StackAllocator.cpp in Sources */,
				3D56C773131E41FB00BF7F17 /* b2Body.cpp in Sources */,
				3D56C774131E41FB00BF7F17 /* b2ContactManager.cpp in Sources */,
				3D56C775131E41FB00BF7F17 /* b2Fixture.cpp in Sources */,
				3D56C776131E41FB00BF7F17 /* b2Island.cpp in Sources */,
				3D56C777131E41FB00BF7F17 /* b2World.cpp in Sources */,
				3D56C778131E41FB00BF7F17 /* b2WorldCallbacks.cpp in Sources */,
				3D56C779131E41FB00BF7F17 /* b2CircleContact.cpp in Sources */,
				3D56C77A131E41FB00BF7F17 /* b2Contact.cpp in Sources */,
				3D56C77B131E41FB00BF7F17 /* b2ContactSolver.cpp in Sources */,
				3D56C77C131E41FB00BF7F17 /* b2PolygonAndCircleContact.cpp in Sources */,
				3D56C77D131E41FB00BF7F17 /* b2PolygonContact.cpp in Sources */,
				3D56C77E131E41FB00BF7F17 /* b2TOISolver.cpp in Sources */,
				3D56C77F131E41FB00BF7F17 /* b2DistanceJoint.cpp in Sources */,
				3D56C780131E41FB00BF7F17 /* b2FrictionJoint.cpp in Sources */,
				3D56C781131E41FB00BF7F17 /* b2GearJoint.cpp in Sources */,
				3D56C782131E41FB00BF7F17 /* b2Joint.cpp in Sources */,
				3D56C783131E41FB00BF7F17 /* b2LineJoint.cpp in Sources */,
				3D56C784131E41FB00BF7F17 /* b2MouseJoint.cpp in Sources */,
				3D56C785131E41FB00BF7F17 /* b2PrismaticJoint.cpp in Sources */,
				3D56C786131E41FB00BF7F17 /* b2PulleyJoint.cpp in Sources */,
				3D56C787131E41FB00BF7F17 /* b2RevoluteJoint.cpp in Sources */,
				3D56C788131E41FB00BF7F17 /* b2WeldJoint.cpp in Sources */,
				3D56C789131E41FB00BF7F17 /* Game.cpp in Sources */,
				3D56C78A131E41FB00BF7F17 /* GameObject.cpp in Sources */,
				3D56C78B131E41FB00BF7F17 /* GameObjectFactory.cpp in Sources */,
				3D56C78C131E41FB00BF7F17 /* GameObjectMeta.cpp in Sources */,
				3D56C78D131E41FB00BF7F17 /* GameObjectProperty.cpp in Sources */,
				3D56C78E131E41FB00BF7F17 /* GameObjectPropertyMeta.cpp in Sources */,
				3D56C78F131E41FB00BF7F17 /* Ball.cpp in Sources */,
				3D56C790131E41FB00BF7F17 /* GameUtil.cpp in Sources */,
				3D56C791131E41FB00BF7F17 /* TouchInputProcessor.cpp in Sources */,
				3D56C792131E41FB00BF7F17 /* LevelIO.cpp in Sources */,
				3D56C793131E41FB00BF7F17 /* GameOptionsMenu.cpp in Sources */,
				3D56C794131E41FB00BF7F17 /* MenuButtonMenu.cpp in Sources */,
				3D56C795131E41FB00BF7F17 /* SettingsMenu.cpp in Sources */,
				3D56C796131E41FB00BF7F17 /* SoundcheckMenu.cpp in Sources */,
				3D56C797131E41FB00BF7F17 /* TopMenu.cpp in Sources */,
				3D56C798131E41FB00BF7F17 /* B2DebugRenderer.cpp in Sources */,
				3D56C799131E41FB00BF7F17 /* BallRenderer.cpp in Sources */,
				3D56C79A131E41FB00BF7F17 /* BatchSpriteRenderer.cpp in Sources */,
				3D56C79B131E41FB00BF7F17 /* SimpleSpriteRenderer.cpp in Sources */,
				3D56C79C131E41FB00BF7F17 /* WorldRenderer.cpp in Sources */,
				3D56C79D131E41FB00BF7F17 /* World.cpp in Sources */,
				3DF36F971333E16E00372594 /* ScrollableContainer.cpp in Sources */,
			);
			runOnlyForDeploymentPostprocessing = 0;
		};
/* End PBXSourcesBuildPhase section */

/* Begin PBXVariantGroup section */
		089C165CFE840E0CC02AAC07 /* InfoPlist.strings */ = {
			isa = PBXVariantGroup;
			children = (
				089C165DFE840E0CC02AAC07 /* English */,
			);
			name = InfoPlist.strings;
			sourceTree = "<group>";
		};
		1DDD58140DA1D0A300B32029 /* MainMenu.xib */ = {
			isa = PBXVariantGroup;
			children = (
				1DDD58150DA1D0A300B32029 /* English */,
			);
			name = MainMenu.xib;
			sourceTree = "<group>";
		};
/* End PBXVariantGroup section */

/* Begin XCBuildConfiguration section */
		C01FCF4B08A954540054247B /* Debug */ = {
			isa = XCBuildConfiguration;
			buildSettings = {
				ALWAYS_SEARCH_USER_PATHS = NO;
				COPY_PHASE_STRIP = NO;
				GCC_DYNAMIC_NO_PIC = NO;
				GCC_ENABLE_FIX_AND_CONTINUE = YES;
				GCC_MODEL_TUNING = G5;
				GCC_OPTIMIZATION_LEVEL = 0;
				GCC_PRECOMPILE_PREFIX_HEADER = YES;
				GCC_PREFIX_HEADER = batterytech_osx_Prefix.pch;
				HEADER_SEARCH_PATHS = "../batterytech/**";
				INFOPLIST_FILE = "batterytech_osx-Info.plist";
				INSTALL_PATH = "$(HOME)/Applications";
				PRODUCT_NAME = "batterytech-osx";
			};
			name = Debug;
		};
		C01FCF4C08A954540054247B /* Release */ = {
			isa = XCBuildConfiguration;
			buildSettings = {
				ALWAYS_SEARCH_USER_PATHS = NO;
				DEBUG_INFORMATION_FORMAT = "dwarf-with-dsym";
				GCC_MODEL_TUNING = G5;
				GCC_PRECOMPILE_PREFIX_HEADER = YES;
				GCC_PREFIX_HEADER = batterytech_osx_Prefix.pch;
				HEADER_SEARCH_PATHS = "../batterytech/**";
				INFOPLIST_FILE = "batterytech_osx-Info.plist";
				INSTALL_PATH = "$(HOME)/Applications";
				PRODUCT_NAME = "batterytech-osx";
			};
			name = Release;
		};
		C01FCF4F08A954540054247B /* Debug */ = {
			isa = XCBuildConfiguration;
			buildSettings = {
				ARCHS = "$(ARCHS_STANDARD_32_64_BIT)";
				GCC_C_LANGUAGE_STANDARD = gnu99;
				GCC_OPTIMIZATION_LEVEL = 0;
				GCC_WARN_ABOUT_RETURN_TYPE = YES;
				GCC_WARN_UNUSED_VARIABLE = YES;
				ONLY_ACTIVE_ARCH = YES;
				PREBINDING = NO;
				SDKROOT = macosx10.6;
			};
			name = Debug;
		};
		C01FCF5008A954540054247B /* Release */ = {
			isa = XCBuildConfiguration;
			buildSettings = {
				ARCHS = "$(ARCHS_STANDARD_32_64_BIT)";
				GCC_C_LANGUAGE_STANDARD = gnu99;
				GCC_WARN_ABOUT_RETURN_TYPE = YES;
				GCC_WARN_UNUSED_VARIABLE = YES;
				ONLY_ACTIVE_ARCH = YES;
				PREBINDING = NO;
				SDKROOT = macosx10.6;
			};
			name = Release;
		};
/* End XCBuildConfiguration section */

/* Begin XCConfigurationList section */
		C01FCF4A08A954540054247B /* Build configuration list for PBXNativeTarget "batterytech-osx" */ = {
			isa = XCConfigurationList;
			buildConfigurations = (
				C01FCF4B08A954540054247B /* Debug */,
				C01FCF4C08A954540054247B /* Release */,
			);
			defaultConfigurationIsVisible = 0;
			defaultConfigurationName = Release;
		};
		C01FCF4E08A954540054247B /* Build configuration list for PBXProject "batterytech-osx" */ = {
			isa = XCConfigurationList;
			buildConfigurations = (
				C01FCF4F08A954540054247B /* Debug */,
				C01FCF5008A954540054247B /* Release */,
			);
			defaultConfigurationIsVisible = 0;
			defaultConfigurationName = Release;
		};
/* End XCConfigurationList section */
	};
	rootObject = 29B97313FDCFA39411CA2CEA /* Project object */;
}
